// !$*UTF8*$!
{
	archiveVersion = 1;
	classes = {
	};
	objectVersion = 56;
	objects = {

/* Begin PBXBuildFile section */
		473EFA21789648BC9CCCD54B /* SnowTrackerApp.swift in Sources */ = {isa = PBXBuildFile; fileRef = F0B6940B69D74FF9802A3BDA /* SnowTrackerApp.swift */; };
		15D1F9D52615482486918A1B /* ContentView.swift in Sources */ = {isa = PBXBuildFile; fileRef = BD4E85C2749B470FABE14245 /* ContentView.swift */; };
		0DE4D7AB81F0480EBF9D5637 /* Resort.swift in Sources */ = {isa = PBXBuildFile; fileRef = A99B7B30BD744A8DA4BCBE3B /* Resort.swift */; };
		C70DD3A7944143798ADDBFE3 /* WeatherModels.swift in Sources */ = {isa = PBXBuildFile; fileRef = 55B0A25B52F4460C9AEABEC3 /* WeatherModels.swift */; };
		A19FE53324804E3582E6D1FF /* Webcam.swift in Sources */ = {isa = PBXBuildFile; fileRef = DADA2AEF05A9467B83C78A0A /* Webcam.swift */; };
		1D885C0907D14844848D3DF7 /* FavoritesStore.swift in Sources */ = {isa = PBXBuildFile; fileRef = DC23051F64A547C692CD8347 /* FavoritesStore.swift */; };
		3349C15D0EA14C50B62C42D1 /* GeocodingService.swift in Sources */ = {isa = PBXBuildFile; fileRef = A46C9AD9553E4766AB99423B /* GeocodingService.swift */; };
		2C28B1077F2146D58FF2E129 /* Haptics.swift in Sources */ = {isa = PBXBuildFile; fileRef = 647E4F3DF11F47C8AB8D49B5 /* Haptics.swift */; };
		F85F1390177943298919846A /* NotificationManager.swift in Sources */ = {isa = PBXBuildFile; fileRef = 7D0E21F552C34DE5B0CF3605 /* NotificationManager.swift */; };
		1B77AAC3F032441B85BE5208 /* ResortDataStore.swift in Sources */ = {isa = PBXBuildFile; fileRef = A2E66A66E0E946EAB4AA1420 /* ResortDataStore.swift */; };
		680FAF5F5827413D974C1AF6 /* UnitsSettings.swift in Sources */ = {isa = PBXBuildFile; fileRef = 19682EB877DD468CB291423D /* UnitsSettings.swift */; };
		284045A643E9443CB313AAD4 /* WeatherService.swift in Sources */ = {isa = PBXBuildFile; fileRef = F448CF1EBA0F4C4B92C238D6 /* WeatherService.swift */; };
		DB3A68E91EF54BC785DA46EA /* WebcamAPIConfig.swift in Sources */ = {isa = PBXBuildFile; fileRef = 44A1215C972846F0B61566C0 /* WebcamAPIConfig.swift */; };
		8B5CF8B4E8124F929D1F2971 /* WebcamService.swift in Sources */ = {isa = PBXBuildFile; fileRef = 496A6DC165D446FCA69F0FD7 /* WebcamService.swift */; };
		8B236792296A471B85B3E565 /* YouTubeAPIConfig.swift in Sources */ = {isa = PBXBuildFile; fileRef = E307A3A2A049461E8353B24A /* YouTubeAPIConfig.swift */; };
		2AA02C5E67D94256AC2DCAD9 /* YouTubeService.swift in Sources */ = {isa = PBXBuildFile; fileRef = 389AFF10031D43BCA878B665 /* YouTubeService.swift */; };
		CB632803590847379DDE103F /* AppBackground.swift in Sources */ = {isa = PBXBuildFile; fileRef = E259AC5532C542049A03164C /* AppBackground.swift */; };
		87FB0E05911C4DE3B121FD5B /* CurrentConditionsView.swift in Sources */ = {isa = PBXBuildFile; fileRef = 9F285F38E1554CCA88448F78 /* CurrentConditionsView.swift */; };
		E2ED20672943403CA8CA00D0 /* DayDetailView.swift in Sources */ = {isa = PBXBuildFile; fileRef = 3F3EDCA28182474A9DF95948 /* DayDetailView.swift */; };
		C2A75992A2404924946DBFF0 /* ForecastRowView.swift in Sources */ = {isa = PBXBuildFile; fileRef = EA96AD221C1E40DC9CEBCB29 /* ForecastRowView.swift */; };
		9E5B6788CF38418491BA2D7A /* ResortDetailView.swift in Sources */ = {isa = PBXBuildFile; fileRef = 317544CB58FE4480A7A56E43 /* ResortDetailView.swift */; };
		A6B429699D9E4DF390B4B526 /* ResortPickerList.swift in Sources */ = {isa = PBXBuildFile; fileRef = 22BA155F698E403BA8E7200B /* ResortPickerList.swift */; };
		75B45B78C1E341288DDFAE16 /* ResortRowView.swift in Sources */ = {isa = PBXBuildFile; fileRef = 101306AD83964E0C85BB3169 /* ResortRowView.swift */; };
		FF6EED6B5277410BAA71BF9C /* SeasonStatusBadge.swift in Sources */ = {isa = PBXBuildFile; fileRef = 4DAC11DD59E346D0A0A3788E /* SeasonStatusBadge.swift */; };
		B250A43EF7AA45FEA4FD4AFC /* SnowfallOverlay.swift in Sources */ = {isa = PBXBuildFile; fileRef = 31D0EB0FBDFB49AD94AB73B3 /* SnowfallOverlay.swift */; };
		8AC28C9FA805429EAD0CD378 /* WebView.swift in Sources */ = {isa = PBXBuildFile; fileRef = DA13CFB8ABE6427DA998E831 /* WebView.swift */; };
		3F9CD9AD651F4B349DB1724F /* WebcamCardView.swift in Sources */ = {isa = PBXBuildFile; fileRef = 0E28F8BA1ECF434F87047738 /* WebcamCardView.swift */; };
		3715481D0F0D4B03B3744C72 /* WebcamDetailView.swift in Sources */ = {isa = PBXBuildFile; fileRef = 78BB79BEB2FE45F0A971F6BF /* WebcamDetailView.swift */; };
		D0FE1686E5804EAC84430635 /* WebcamGridView.swift in Sources */ = {isa = PBXBuildFile; fileRef = 634AD4BFC81A47D7AAA86FAE /* WebcamGridView.swift */; };
		853B6CC6B43E4884B94DD7F5 /* resorts.json in Resources */ = {isa = PBXBuildFile; fileRef = 6049DF3078094C468B9096A2 /* resorts.json */; };
		BA285D2B0E69495F9AC16436 /* Assets.xcassets in Resources */ = {isa = PBXBuildFile; fileRef = 85D30CAD8BCD46A0901E096B /* Assets.xcassets */; };
/* End PBXBuildFile section */

/* Begin PBXFileReference section */
		F0B6940B69D74FF9802A3BDA /* SnowTrackerApp.swift */ = {isa = PBXFileReference; lastKnownFileType = sourcecode.swift; path = SnowTrackerApp.swift; sourceTree = "<group>"; };
		BD4E85C2749B470FABE14245 /* ContentView.swift */ = {isa = PBXFileReference; lastKnownFileType = sourcecode.swift; path = ContentView.swift; sourceTree = "<group>"; };
		A99B7B30BD744A8DA4BCBE3B /* Resort.swift */ = {isa = PBXFileReference; lastKnownFileType = sourcecode.swift; path = Resort.swift; sourceTree = "<group>"; };
		55B0A25B52F4460C9AEABEC3 /* WeatherModels.swift */ = {isa = PBXFileReference; lastKnownFileType = sourcecode.swift; path = WeatherModels.swift; sourceTree = "<group>"; };
		DADA2AEF05A9467B83C78A0A /* Webcam.swift */ = {isa = PBXFileReference; lastKnownFileType = sourcecode.swift; path = Webcam.swift; sourceTree = "<group>"; };
		DC23051F64A547C692CD8347 /* FavoritesStore.swift */ = {isa = PBXFileReference; lastKnownFileType = sourcecode.swift; path = FavoritesStore.swift; sourceTree = "<group>"; };
		A46C9AD9553E4766AB99423B /* GeocodingService.swift */ = {isa = PBXFileReference; lastKnownFileType = sourcecode.swift; path = GeocodingService.swift; sourceTree = "<group>"; };
		647E4F3DF11F47C8AB8D49B5 /* Haptics.swift */ = {isa = PBXFileReference; lastKnownFileType = sourcecode.swift; path = Haptics.swift; sourceTree = "<group>"; };
		7D0E21F552C34DE5B0CF3605 /* NotificationManager.swift */ = {isa = PBXFileReference; lastKnownFileType = sourcecode.swift; path = NotificationManager.swift; sourceTree = "<group>"; };
		A2E66A66E0E946EAB4AA1420 /* ResortDataStore.swift */ = {isa = PBXFileReference; lastKnownFileType = sourcecode.swift; path = ResortDataStore.swift; sourceTree = "<group>"; };
		19682EB877DD468CB291423D /* UnitsSettings.swift */ = {isa = PBXFileReference; lastKnownFileType = sourcecode.swift; path = UnitsSettings.swift; sourceTree = "<group>"; };
		F448CF1EBA0F4C4B92C238D6 /* WeatherService.swift */ = {isa = PBXFileReference; lastKnownFileType = sourcecode.swift; path = WeatherService.swift; sourceTree = "<group>"; };
		44A1215C972846F0B61566C0 /* WebcamAPIConfig.swift */ = {isa = PBXFileReference; lastKnownFileType = sourcecode.swift; path = WebcamAPIConfig.swift; sourceTree = "<group>"; };
		496A6DC165D446FCA69F0FD7 /* WebcamService.swift */ = {isa = PBXFileReference; lastKnownFileType = sourcecode.swift; path = WebcamService.swift; sourceTree = "<group>"; };
		E307A3A2A049461E8353B24A /* YouTubeAPIConfig.swift */ = {isa = PBXFileReference; lastKnownFileType = sourcecode.swift; path = YouTubeAPIConfig.swift; sourceTree = "<group>"; };
		389AFF10031D43BCA878B665 /* YouTubeService.swift */ = {isa = PBXFileReference; lastKnownFileType = sourcecode.swift; path = YouTubeService.swift; sourceTree = "<group>"; };
		E259AC5532C542049A03164C /* AppBackground.swift */ = {isa = PBXFileReference; lastKnownFileType = sourcecode.swift; path = AppBackground.swift; sourceTree = "<group>"; };
		9F285F38E1554CCA88448F78 /* CurrentConditionsView.swift */ = {isa = PBXFileReference; lastKnownFileType = sourcecode.swift; path = CurrentConditionsView.swift; sourceTree = "<group>"; };
		3F3EDCA28182474A9DF95948 /* DayDetailView.swift */ = {isa = PBXFileReference; lastKnownFileType = sourcecode.swift; path = DayDetailView.swift; sourceTree = "<group>"; };
		EA96AD221C1E40DC9CEBCB29 /* ForecastRowView.swift */ = {isa = PBXFileReference; lastKnownFileType = sourcecode.swift; path = ForecastRowView.swift; sourceTree = "<group>"; };
		317544CB58FE4480A7A56E43 /* ResortDetailView.swift */ = {isa = PBXFileReference; lastKnownFileType = sourcecode.swift; path = ResortDetailView.swift; sourceTree = "<group>"; };
		22BA155F698E403BA8E7200B /* ResortPickerList.swift */ = {isa = PBXFileReference; lastKnownFileType = sourcecode.swift; path = ResortPickerList.swift; sourceTree = "<group>"; };
		101306AD83964E0C85BB3169 /* ResortRowView.swift */ = {isa = PBXFileReference; lastKnownFileType = sourcecode.swift; path = ResortRowView.swift; sourceTree = "<group>"; };
		4DAC11DD59E346D0A0A3788E /* SeasonStatusBadge.swift */ = {isa = PBXFileReference; lastKnownFileType = sourcecode.swift; path = SeasonStatusBadge.swift; sourceTree = "<group>"; };
		31D0EB0FBDFB49AD94AB73B3 /* SnowfallOverlay.swift */ = {isa = PBXFileReference; lastKnownFileType = sourcecode.swift; path = SnowfallOverlay.swift; sourceTree = "<group>"; };
		DA13CFB8ABE6427DA998E831 /* WebView.swift */ = {isa = PBXFileReference; lastKnownFileType = sourcecode.swift; path = WebView.swift; sourceTree = "<group>"; };
		0E28F8BA1ECF434F87047738 /* WebcamCardView.swift */ = {isa = PBXFileReference; lastKnownFileType = sourcecode.swift; path = WebcamCardView.swift; sourceTree = "<group>"; };
		78BB79BEB2FE45F0A971F6BF /* WebcamDetailView.swift */ = {isa = PBXFileReference; lastKnownFileType = sourcecode.swift; path = WebcamDetailView.swift; sourceTree = "<group>"; };
		634AD4BFC81A47D7AAA86FAE /* WebcamGridView.swift */ = {isa = PBXFileReference; lastKnownFileType = sourcecode.swift; path = WebcamGridView.swift; sourceTree = "<group>"; };
		6049DF3078094C468B9096A2 /* resorts.json */ = {isa = PBXFileReference; lastKnownFileType = text.json; path = resorts.json; sourceTree = "<group>"; };
		85D30CAD8BCD46A0901E096B /* Assets.xcassets */ = {isa = PBXFileReference; lastKnownFileType = folder.assetcatalog; path = Assets.xcassets; sourceTree = "<group>"; };
		188AA9D7286C4F268B726142 /* SnowTracker.app */ = {isa = PBXFileReference; explicitFileType = wrapper.application; includeInIndex = 0; path = SnowTracker.app; sourceTree = BUILT_PRODUCTS_DIR; };
/* End PBXFileReference section */

/* Begin PBXFrameworksBuildPhase section */
		4D5C5A425BDF42BE9BB808A0 /* Frameworks */ = {
			isa = PBXFrameworksBuildPhase;
			buildActionMask = 2147483647;
			files = (
			);
			runOnlyForDeploymentPostprocessing = 0;
		};
/* End PBXFrameworksBuildPhase section */

/* Begin PBXGroup section */
		8AC3DB7B4996478F91A174E1 /* Models */ = {
			isa = PBXGroup;
			children = (
				A99B7B30BD744A8DA4BCBE3B /* Resort.swift */,
				55B0A25B52F4460C9AEABEC3 /* WeatherModels.swift */,
				DADA2AEF05A9467B83C78A0A /* Webcam.swift */,
			);
			path = Models;
			sourceTree = "<group>";
		};
		3046A6C25AAD49F38DAA3C3B /* Services */ = {
			isa = PBXGroup;
			children = (
				DC23051F64A547C692CD8347 /* FavoritesStore.swift */,
				A46C9AD9553E4766AB99423B /* GeocodingService.swift */,
				647E4F3DF11F47C8AB8D49B5 /* Haptics.swift */,
				7D0E21F552C34DE5B0CF3605 /* NotificationManager.swift */,
				A2E66A66E0E946EAB4AA1420 /* ResortDataStore.swift */,
				19682EB877DD468CB291423D /* UnitsSettings.swift */,
				F448CF1EBA0F4C4B92C238D6 /* WeatherService.swift */,
				44A1215C972846F0B61566C0 /* WebcamAPIConfig.swift */,
				496A6DC165D446FCA69F0FD7 /* WebcamService.swift */,
				E307A3A2A049461E8353B24A /* YouTubeAPIConfig.swift */,
				389AFF10031D43BCA878B665 /* YouTubeService.swift */,
			);
			path = Services;
			sourceTree = "<group>";
		};
		1964124052644AF19CD494D5 /* Views */ = {
			isa = PBXGroup;
			children = (
				E259AC5532C542049A03164C /* AppBackground.swift */,
				9F285F38E1554CCA88448F78 /* CurrentConditionsView.swift */,
				3F3EDCA28182474A9DF95948 /* DayDetailView.swift */,
				EA96AD221C1E40DC9CEBCB29 /* ForecastRowView.swift */,
				317544CB58FE4480A7A56E43 /* ResortDetailView.swift */,
				22BA155F698E403BA8E7200B /* ResortPickerList.swift */,
				101306AD83964E0C85BB3169 /* ResortRowView.swift */,
				4DAC11DD59E346D0A0A3788E /* SeasonStatusBadge.swift */,
				31D0EB0FBDFB49AD94AB73B3 /* SnowfallOverlay.swift */,
				DA13CFB8ABE6427DA998E831 /* WebView.swift */,
				0E28F8BA1ECF434F87047738 /* WebcamCardView.swift */,
				78BB79BEB2FE45F0A971F6BF /* WebcamDetailView.swift */,
				634AD4BFC81A47D7AAA86FAE /* WebcamGridView.swift */,
			);
			path = Views;
			sourceTree = "<group>";
		};
		F6ECA14C89954EB59F867D15 /* Resources */ = {
			isa = PBXGroup;
			children = (
				6049DF3078094C468B9096A2 /* resorts.json */,
			);
			path = Resources;
			sourceTree = "<group>";
		};
		AAD0DDBB1E364553BD4CB0DE /* SnowTracker */ = {
			isa = PBXGroup;
			children = (
				F0B6940B69D74FF9802A3BDA /* SnowTrackerApp.swift */,
				BD4E85C2749B470FABE14245 /* ContentView.swift */,
				8AC3DB7B4996478F91A174E1 /* Models */,
				3046A6C25AAD49F38DAA3C3B /* Services */,
				1964124052644AF19CD494D5 /* Views */,
				F6ECA14C89954EB59F867D15 /* Resources */,
				85D30CAD8BCD46A0901E096B /* Assets.xcassets */,
			);
			path = SnowTracker;
			sourceTree = "<group>";
		};
		A0FFC5A650944D45AF186A1F /* Products */ = {
			isa = PBXGroup;
			children = (
				188AA9D7286C4F268B726142 /* SnowTracker.app */,
			);
			name = Products;
			sourceTree = "<group>";
		};
		994D1D6996134782976B5AFA = {
			isa = PBXGroup;
			children = (
				AAD0DDBB1E364553BD4CB0DE /* SnowTracker */,
				A0FFC5A650944D45AF186A1F /* Products */,
			);
			sourceTree = "<group>";
		};
/* End PBXGroup section */

/* Begin PBXNativeTarget section */
		F6EFD51D21D8467C887BF4A4 /* SnowTracker */ = {
			isa = PBXNativeTarget;
			buildConfigurationList = CE8D5412631D43618DC6475C /* Build configuration list for PBXNativeTarget "SnowTracker" */;
			buildPhases = (
				1551A98006D04217B886BCC3 /* Sources */,
				4D5C5A425BDF42BE9BB808A0 /* Frameworks */,
				220808C201EF451A95748190 /* Resources */,
			);
			buildRules = (
			);
			dependencies = (
			);
			name = SnowTracker;
			productName = SnowTracker;
			productReference = 188AA9D7286C4F268B726142 /* SnowTracker.app */;
			productType = "com.apple.product-type.application";
		};
/* End PBXNativeTarget section */

/* Begin PBXProject section */
		1BC419ED49B34EEBA536319F /* Project object */ = {
			isa = PBXProject;
			attributes = {
				BuildIndependentTargetsInParallel = 1;
				LastSwiftUpdateCheck = 1500;
				LastUpgradeCheck = 1500;
				TargetAttributes = {
					F6EFD51D21D8467C887BF4A4 = {
						CreatedOnToolsVersion = 15.0;
					};
				};
			};
			buildConfigurationList = 918D2000428C4CC8B297AEFE /* Build configuration list for PBXProject "SnowTracker" */;
			compatibilityVersion = "Xcode 14.0";
			developmentRegion = en;
			hasScannedForEncodings = 0;
			knownRegions = (
				en,
				Base,
			);
			mainGroup = 994D1D6996134782976B5AFA;
			productRefGroup = A0FFC5A650944D45AF186A1F /* Products */;
			projectDirPath = "";
			projectRoot = "";
			targets = (
				F6EFD51D21D8467C887BF4A4 /* SnowTracker */,
			);
		};
/* End PBXProject section */

/* Begin PBXResourcesBuildPhase section */
		220808C201EF451A95748190 /* Resources */ = {
			isa = PBXResourcesBuildPhase;
			buildActionMask = 2147483647;
			files = (
				853B6CC6B43E4884B94DD7F5 /* resorts.json in Resources */,
				BA285D2B0E69495F9AC16436 /* Assets.xcassets in Resources */,
			);
			runOnlyForDeploymentPostprocessing = 0;
		};
/* End PBXResourcesBuildPhase section */

/* Begin PBXSourcesBuildPhase section */
		1551A98006D04217B886BCC3 /* Sources */ = {
			isa = PBXSourcesBuildPhase;
			buildActionMask = 2147483647;
			files = (
				473EFA21789648BC9CCCD54B /* SnowTrackerApp.swift in Sources */,
				15D1F9D52615482486918A1B /* ContentView.swift in Sources */,
				0DE4D7AB81F0480EBF9D5637 /* Resort.swift in Sources */,
				C70DD3A7944143798ADDBFE3 /* WeatherModels.swift in Sources */,
				A19FE53324804E3582E6D1FF /* Webcam.swift in Sources */,
				1D885C0907D14844848D3DF7 /* FavoritesStore.swift in Sources */,
				3349C15D0EA14C50B62C42D1 /* GeocodingService.swift in Sources */,
				2C28B1077F2146D58FF2E129 /* Haptics.swift in Sources */,
				F85F1390177943298919846A /* NotificationManager.swift in Sources */,
				1B77AAC3F032441B85BE5208 /* ResortDataStore.swift in Sources */,
				680FAF5F5827413D974C1AF6 /* UnitsSettings.swift in Sources */,
				284045A643E9443CB313AAD4 /* WeatherService.swift in Sources */,
				DB3A68E91EF54BC785DA46EA /* WebcamAPIConfig.swift in Sources */,
				8B5CF8B4E8124F929D1F2971 /* WebcamService.swift in Sources */,
				8B236792296A471B85B3E565 /* YouTubeAPIConfig.swift in Sources */,
				2AA02C5E67D94256AC2DCAD9 /* YouTubeService.swift in Sources */,
				CB632803590847379DDE103F /* AppBackground.swift in Sources */,
				87FB0E05911C4DE3B121FD5B /* CurrentConditionsView.swift in Sources */,
				E2ED20672943403CA8CA00D0 /* DayDetailView.swift in Sources */,
				C2A75992A2404924946DBFF0 /* ForecastRowView.swift in Sources */,
				9E5B6788CF38418491BA2D7A /* ResortDetailView.swift in Sources */,
				A6B429699D9E4DF390B4B526 /* ResortPickerList.swift in Sources */,
				75B45B78C1E341288DDFAE16 /* ResortRowView.swift in Sources */,
				FF6EED6B5277410BAA71BF9C /* SeasonStatusBadge.swift in Sources */,
				B250A43EF7AA45FEA4FD4AFC /* SnowfallOverlay.swift in Sources */,
				8AC28C9FA805429EAD0CD378 /* WebView.swift in Sources */,
				3F9CD9AD651F4B349DB1724F /* WebcamCardView.swift in Sources */,
				3715481D0F0D4B03B3744C72 /* WebcamDetailView.swift in Sources */,
				D0FE1686E5804EAC84430635 /* WebcamGridView.swift in Sources */,
			);
			runOnlyForDeploymentPostprocessing = 0;
		};
/* End PBXSourcesBuildPhase section */

/* Begin XCBuildConfiguration section */
		4EA86BE7FD2C4074A58B2E20 /* Debug */ = {
			isa = XCBuildConfiguration;
			buildSettings = {
			ALWAYS_SEARCH_USER_PATHS = NO;
			ASSETCATALOG_COMPILER_GENERATE_SWIFT_ASSET_SYMBOL_EXTENSIONS = YES;
			CLANG_ANALYZER_NONNULL = YES;
			CLANG_ANALYZER_NUMBER_OBJECT_CONVERSION = YES_AGGRESSIVE;
			CLANG_CXX_LANGUAGE_STANDARD = "gnu++20";
			CLANG_ENABLE_MODULES = YES;
			CLANG_ENABLE_OBJC_ARC = YES;
			CLANG_ENABLE_OBJC_WEAK = YES;
			CLANG_WARN_BLOCK_CAPTURE_AUTORELEASING = YES;
			CLANG_WARN_BOOL_CONVERSION = YES;
			CLANG_WARN_COMMA = YES;
			CLANG_WARN_CONSTANT_CONVERSION = YES;
			CLANG_WARN_DEPRECATED_OBJC_IMPLEMENTATIONS = YES;
			CLANG_WARN_DIRECT_OBJC_ISA_USAGE = YES_ERROR;
			CLANG_WARN_DOCUMENTATION_COMMENTS = YES;
			CLANG_WARN_EMPTY_BODY = YES;
			CLANG_WARN_ENUM_CONVERSION = YES;
			CLANG_WARN_INFINITE_RECURSION = YES;
			CLANG_WARN_INT_CONVERSION = YES;
			CLANG_WARN_NON_LITERAL_NULL_CONVERSION = YES;
			CLANG_WARN_OBJC_IMPLICIT_RETAIN_SELF = YES;
			CLANG_WARN_OBJC_LITERAL_CONVERSION = YES;
			CLANG_WARN_OBJC_ROOT_CLASS = YES_ERROR;
			CLANG_WARN_QUOTED_INCLUDE_IN_FRAMEWORK_HEADER = YES;
			CLANG_WARN_RANGE_LOOP_ANALYSIS = YES;
			CLANG_WARN_STRICT_PROTOTYPES = YES;
			CLANG_WARN_SUSPICIOUS_MOVE = YES;
			CLANG_WARN_UNGUARDED_AVAILABILITY = YES_AGGRESSIVE;
			CLANG_WARN_UNREACHABLE_CODE = YES;
			CLANG_WARN__DUPLICATE_METHOD_MATCH = YES;
			COPY_PHASE_STRIP = NO;
			DEBUG_INFORMATION_FORMAT = dwarf;
			ENABLE_STRICT_OBJC_MSGSEND = YES;
			ENABLE_TESTABILITY = YES;
			ENABLE_USER_SCRIPT_SANDBOXING = YES;
			GCC_C_LANGUAGE_STANDARD = gnu17;
			GCC_DYNAMIC_NO_PIC = NO;
			GCC_NO_COMMON_BLOCKS = YES;
			GCC_OPTIMIZATION_LEVEL = 0;
			GCC_PREPROCESSOR_DEFINITIONS = (
				"DEBUG=1",
				"$(inherited)",
			);
			GCC_WARN_64_TO_32_BIT_CONVERSION = YES;
			GCC_WARN_ABOUT_RETURN_TYPE = YES_ERROR;
			GCC_WARN_UNDECLARED_SELECTOR = YES;
			GCC_WARN_UNINITIALIZED_AUTOS = YES_AGGRESSIVE;
			GCC_WARN_UNUSED_FUNCTION = YES;
			GCC_WARN_UNUSED_VARIABLE = YES;
			IPHONEOS_DEPLOYMENT_TARGET = 16.0;
			MTL_ENABLE_DEBUG_INFO = INCLUDE_SOURCE;
			MTL_FAST_MATH = YES;
			ONLY_ACTIVE_ARCH = YES;
			SDKROOT = iphoneos;
			SWIFT_ACTIVE_COMPILATION_CONDITIONS = "DEBUG $(inherited)";
			SWIFT_OPTIMIZATION_LEVEL = "-Onone";
			};
			name = Debug;
		};
		75FA710DA4764F1A8CA886E3 /* Release */ = {
			isa = XCBuildConfiguration;
			buildSettings = {
			ALWAYS_SEARCH_USER_PATHS = NO;
			ASSETCATALOG_COMPILER_GENERATE_SWIFT_ASSET_SYMBOL_EXTENSIONS = YES;
			CLANG_ANALYZER_NONNULL = YES;
			CLANG_ANALYZER_NUMBER_OBJECT_CONVERSION = YES_AGGRESSIVE;
			CLANG_CXX_LANGUAGE_STANDARD = "gnu++20";
			CLANG_ENABLE_MODULES = YES;
			CLANG_ENABLE_OBJC_ARC = YES;
			CLANG_ENABLE_OBJC_WEAK = YES;
			CLANG_WARN_BLOCK_CAPTURE_AUTORELEASING = YES;
			CLANG_WARN_BOOL_CONVERSION = YES;
			CLANG_WARN_COMMA = YES;
			CLANG_WARN_CONSTANT_CONVERSION = YES;
			CLANG_WARN_DEPRECATED_OBJC_IMPLEMENTATIONS = YES;
			CLANG_WARN_DIRECT_OBJC_ISA_USAGE = YES_ERROR;
			CLANG_WARN_DOCUMENTATION_COMMENTS = YES;
			CLANG_WARN_EMPTY_BODY = YES;
			CLANG_WARN_ENUM_CONVERSION = YES;
			CLANG_WARN_INFINITE_RECURSION = YES;
			CLANG_WARN_INT_CONVERSION = YES;
			CLANG_WARN_NON_LITERAL_NULL_CONVERSION = YES;
			CLANG_WARN_OBJC_IMPLICIT_RETAIN_SELF = YES;
			CLANG_WARN_OBJC_LITERAL_CONVERSION = YES;
			CLANG_WARN_OBJC_ROOT_CLASS = YES_ERROR;
			CLANG_WARN_QUOTED_INCLUDE_IN_FRAMEWORK_HEADER = YES;
			CLANG_WARN_RANGE_LOOP_ANALYSIS = YES;
			CLANG_WARN_STRICT_PROTOTYPES = YES;
			CLANG_WARN_SUSPICIOUS_MOVE = YES;
			CLANG_WARN_UNGUARDED_AVAILABILITY = YES_AGGRESSIVE;
			CLANG_WARN_UNREACHABLE_CODE = YES;
			CLANG_WARN__DUPLICATE_METHOD_MATCH = YES;
			COPY_PHASE_STRIP = NO;
			DEBUG_INFORMATION_FORMAT = "dwarf-with-dsym";
			ENABLE_NS_ASSERTIONS = NO;
			ENABLE_STRICT_OBJC_MSGSEND = YES;
			ENABLE_USER_SCRIPT_SANDBOXING = YES;
			GCC_C_LANGUAGE_STANDARD = gnu17;
			GCC_NO_COMMON_BLOCKS = YES;
			GCC_WARN_64_TO_32_BIT_CONVERSION = YES;
			GCC_WARN_ABOUT_RETURN_TYPE = YES_ERROR;
			GCC_WARN_UNDECLARED_SELECTOR = YES;
			GCC_WARN_UNINITIALIZED_AUTOS = YES_AGGRESSIVE;
			GCC_WARN_UNUSED_FUNCTION = YES;
			GCC_WARN_UNUSED_VARIABLE = YES;
			IPHONEOS_DEPLOYMENT_TARGET = 16.0;
			MTL_ENABLE_DEBUG_INFO = NO;
			MTL_FAST_MATH = YES;
			SDKROOT = iphoneos;
			SWIFT_COMPILATION_MODE = wholemodule;
			VALIDATE_PRODUCT = YES;
			};
			name = Release;
		};
		E35DD75DFB7243A7A37855DB /* Debug */ = {
			isa = XCBuildConfiguration;
			buildSettings = {
			ASSETCATALOG_COMPILER_APPICON_NAME = AppIcon;
			ASSETCATALOG_COMPILER_GLOBAL_ACCENT_COLOR_NAME = AccentColor;
			CODE_SIGN_STYLE = Automatic;
			CURRENT_PROJECT_VERSION = 1;
			DEVELOPMENT_ASSET_PATHS = "";
			DEVELOPMENT_TEAM = 2S3776TDDX;
			ENABLE_PREVIEWS = YES;
			GENERATE_INFOPLIST_FILE = YES;
			INFOPLIST_KEY_CFBundleDisplayName = SnowTracker;
			INFOPLIST_KEY_LSApplicationCategoryType = "public.app-category.weather";
			INFOPLIST_KEY_UIApplicationSceneManifest_Generation = YES;
			INFOPLIST_KEY_UIApplicationSupportsIndirectInputEvents = YES;
			INFOPLIST_KEY_UILaunchScreen_Generation = YES;
			INFOPLIST_KEY_UISupportedInterfaceOrientations = UIInterfaceOrientationPortrait;
			INFOPLIST_KEY_UISupportedInterfaceOrientations_iPad = "UIInterfaceOrientationPortrait UIInterfaceOrientationPortraitUpsideDown UIInterfaceOrientationLandscapeLeft UIInterfaceOrientationLandscapeRight";
			LD_RUNPATH_SEARCH_PATHS = (
				"$(inherited)",
				"@executable_path/Frameworks",
			);
			MARKETING_VERSION = 1.0;
			PRODUCT_BUNDLE_IDENTIFIER = com.snowtracker.app;
			PRODUCT_NAME = "$(TARGET_NAME)";
			SWIFT_EMIT_LOC_STRINGS = YES;
			SWIFT_VERSION = 5.0;
			TARGETED_DEVICE_FAMILY = "1,2";
			};
			name = Debug;
		};
		2D7E37741C4D400C86074556 /* Release */ = {
			isa = XCBuildConfiguration;
			buildSettings = {
			ASSETCATALOG_COMPILER_APPICON_NAME = AppIcon;
			ASSETCATALOG_COMPILER_GLOBAL_ACCENT_COLOR_NAME = AccentColor;
			CODE_SIGN_STYLE = Automatic;
			CURRENT_PROJECT_VERSION = 1;
			DEVELOPMENT_ASSET_PATHS = "";
			DEVELOPMENT_TEAM = 2S3776TDDX;
			ENABLE_PREVIEWS = YES;
			GENERATE_INFOPLIST_FILE = YES;
			INFOPLIST_KEY_CFBundleDisplayName = SnowTracker;
			INFOPLIST_KEY_LSApplicationCategoryType = "public.app-category.weather";
			INFOPLIST_KEY_UIApplicationSceneManifest_Generation = YES;
			INFOPLIST_KEY_UIApplicationSupportsIndirectInputEvents = YES;
			INFOPLIST_KEY_UILaunchScreen_Generation = YES;
			INFOPLIST_KEY_UISupportedInterfaceOrientations = UIInterfaceOrientationPortrait;
			INFOPLIST_KEY_UISupportedInterfaceOrientations_iPad = "UIInterfaceOrientationPortrait UIInterfaceOrientationPortraitUpsideDown UIInterfaceOrientationLandscapeLeft UIInterfaceOrientationLandscapeRight";
			LD_RUNPATH_SEARCH_PATHS = (
				"$(inherited)",
				"@executable_path/Frameworks",
			);
			MARKETING_VERSION = 1.0;
			PRODUCT_BUNDLE_IDENTIFIER = com.snowtracker.app;
			PRODUCT_NAME = "$(TARGET_NAME)";
			SWIFT_EMIT_LOC_STRINGS = YES;
			SWIFT_VERSION = 5.0;
			TARGETED_DEVICE_FAMILY = "1,2";
			};
			name = Release;
		};
/* End XCBuildConfiguration section */

/* Begin XCConfigurationList section */
		918D2000428C4CC8B297AEFE /* Build configuration list for PBXProject "SnowTracker" */ = {
			isa = XCConfigurationList;
			buildConfigurations = (
				4EA86BE7FD2C4074A58B2E20 /* Debug */,
				75FA710DA4764F1A8CA886E3 /* Release */,
			);
			defaultConfigurationIsVisible = 0;
			defaultConfigurationName = Release;
		};
		CE8D5412631D43618DC6475C /* Build configuration list for PBXNativeTarget "SnowTracker" */ = {
			isa = XCConfigurationList;
			buildConfigurations = (
				E35DD75DFB7243A7A37855DB /* Debug */,
				2D7E37741C4D400C86074556 /* Release */,
			);
			defaultConfigurationIsVisible = 0;
			defaultConfigurationName = Release;
		};
/* End XCConfigurationList section */

	};
	rootObject = 1BC419ED49B34EEBA536319F /* Project object */;
}
