// !$*UTF8*$!
{
	archiveVersion = 1;
	classes = {
	};
	objectVersion = 56;
	objects = {

/* Begin PBXBuildFile section */
		3EEABD02EA3140ACB3A4479D /* SnowTrackerApp.swift in Sources */ = {isa = PBXBuildFile; fileRef = 63233CDA4E6E49D28D78D315 /* SnowTrackerApp.swift */; };
		D80D23FF93C64D83AA381D42 /* ContentView.swift in Sources */ = {isa = PBXBuildFile; fileRef = 15D3DD1474D444B880886084 /* ContentView.swift */; };
		72EE75E6485644DD80FE0F68 /* Resort.swift in Sources */ = {isa = PBXBuildFile; fileRef = C67C806AFE964578B0764A0E /* Resort.swift */; };
		397ED3B91EF24DE7AF165028 /* WeatherModels.swift in Sources */ = {isa = PBXBuildFile; fileRef = 8BAF6282AC344C109177892C /* WeatherModels.swift */; };
		2B2BC9FBC138428BAAFFD9AC /* Webcam.swift in Sources */ = {isa = PBXBuildFile; fileRef = D35B86F14C194E25996FDB26 /* Webcam.swift */; };
		988CACA914844479AF9845C6 /* FavoritesStore.swift in Sources */ = {isa = PBXBuildFile; fileRef = BD86BA9D5E0A4EDE8A0BB290 /* FavoritesStore.swift */; };
		9445B73BE8724D498AF7607D /* GeocodingService.swift in Sources */ = {isa = PBXBuildFile; fileRef = 02A0E074793F4B80AED51187 /* GeocodingService.swift */; };
		E637DC8943D449F1A145FEFD /* Haptics.swift in Sources */ = {isa = PBXBuildFile; fileRef = A940C2DB3ADE433BA7BDCE1B /* Haptics.swift */; };
		41C8FDB4E8AE4D899FBD5E13 /* NotificationManager.swift in Sources */ = {isa = PBXBuildFile; fileRef = CE47639A727C4FE2A06CF2F5 /* NotificationManager.swift */; };
		1592B0EFD7E143D496232D89 /* ResortDataStore.swift in Sources */ = {isa = PBXBuildFile; fileRef = A8CD0D1D217640D89EDCFE28 /* ResortDataStore.swift */; };
		39A48836CBDA4167BE9B6321 /* UnitsSettings.swift in Sources */ = {isa = PBXBuildFile; fileRef = 887CF2E46D2A43829C5BA73E /* UnitsSettings.swift */; };
		F8837337E16A4FC9ABA9C5E0 /* WeatherService.swift in Sources */ = {isa = PBXBuildFile; fileRef = 351F09F8218649199BC2C3F3 /* WeatherService.swift */; };
		0ACE956DA05C4C3EB69D0FEB /* WebcamAPIConfig.swift in Sources */ = {isa = PBXBuildFile; fileRef = 6CD2BA777F854F6185029050 /* WebcamAPIConfig.swift */; };
		A5E83F8AC5F541438138316E /* WebcamService.swift in Sources */ = {isa = PBXBuildFile; fileRef = 7327EB0853344991B04D48BF /* WebcamService.swift */; };
		40D3218FC9344144AD0C1C9A /* YouTubeAPIConfig.swift in Sources */ = {isa = PBXBuildFile; fileRef = BB72BFCE929246F4B7790E90 /* YouTubeAPIConfig.swift */; };
		2F37004C538249C99F74EFF6 /* YouTubeService.swift in Sources */ = {isa = PBXBuildFile; fileRef = DF0F6663BAB2468F9508A38D /* YouTubeService.swift */; };
		5AE6AD0EEAF74C829BEB75A1 /* CurrentConditionsView.swift in Sources */ = {isa = PBXBuildFile; fileRef = ED1E00DFA1DB4892B0EE5FAA /* CurrentConditionsView.swift */; };
		8303EBDF36104FF4AB643BCC /* DayDetailView.swift in Sources */ = {isa = PBXBuildFile; fileRef = 65E508B01FE44BD8A18BA546 /* DayDetailView.swift */; };
		F6F6F6C102F7429D91DC218C /* ForecastRowView.swift in Sources */ = {isa = PBXBuildFile; fileRef = D33BF41E017B490A8FEDEAED /* ForecastRowView.swift */; };
		C20BD6F6CB7A4923A75E76E6 /* ResortDetailView.swift in Sources */ = {isa = PBXBuildFile; fileRef = 23FE98608D9D4C4AAA34311A /* ResortDetailView.swift */; };
		6AFAD02B48C04C72BCB1A271 /* ResortPickerList.swift in Sources */ = {isa = PBXBuildFile; fileRef = EBCA60B8002D44E29DBEA6A1 /* ResortPickerList.swift */; };
		FD5802A51D814ACFA603604D /* ResortRowView.swift in Sources */ = {isa = PBXBuildFile; fileRef = 8DF2DF5E3F1D4AF9B010DD84 /* ResortRowView.swift */; };
		1F35EFA4B60F4F61982ECAC7 /* SeasonStatusBadge.swift in Sources */ = {isa = PBXBuildFile; fileRef = 7F3604197CBF433F9A0E3AE2 /* SeasonStatusBadge.swift */; };
		781F64BBE6574F7FA2E758F0 /* SnowfallOverlay.swift in Sources */ = {isa = PBXBuildFile; fileRef = 76C64CBDCB50423EB4CD77FC /* SnowfallOverlay.swift */; };
		636B11D58895465684FAEC5E /* WebView.swift in Sources */ = {isa = PBXBuildFile; fileRef = 60499181D73241659EB950AA /* WebView.swift */; };
		A3BC4506FDE14B2E981E3528 /* WebcamCardView.swift in Sources */ = {isa = PBXBuildFile; fileRef = D33AACD7130F49769700ACC8 /* WebcamCardView.swift */; };
		0872B1474D4A47D8B5822963 /* WebcamDetailView.swift in Sources */ = {isa = PBXBuildFile; fileRef = 1173660AA9204393B1C1424A /* WebcamDetailView.swift */; };
		CC71284A44B24BED9B0DBC02 /* WebcamGridView.swift in Sources */ = {isa = PBXBuildFile; fileRef = 421EE66E7129430B9C50F617 /* WebcamGridView.swift */; };
		4DE5A0A5298643A4ABD63CB6 /* resorts.json in Resources */ = {isa = PBXBuildFile; fileRef = EBC27FB190B44144838921FA /* resorts.json */; };
		ED6609D0AEA748DA9A9603AF /* Assets.xcassets in Resources */ = {isa = PBXBuildFile; fileRef = 279DDD5DB7D74782AE567736 /* Assets.xcassets */; };
/* End PBXBuildFile section */

/* Begin PBXFileReference section */
		63233CDA4E6E49D28D78D315 /* SnowTrackerApp.swift */ = {isa = PBXFileReference; lastKnownFileType = sourcecode.swift; path = SnowTrackerApp.swift; sourceTree = "<group>"; };
		15D3DD1474D444B880886084 /* ContentView.swift */ = {isa = PBXFileReference; lastKnownFileType = sourcecode.swift; path = ContentView.swift; sourceTree = "<group>"; };
		C67C806AFE964578B0764A0E /* Resort.swift */ = {isa = PBXFileReference; lastKnownFileType = sourcecode.swift; path = Resort.swift; sourceTree = "<group>"; };
		8BAF6282AC344C109177892C /* WeatherModels.swift */ = {isa = PBXFileReference; lastKnownFileType = sourcecode.swift; path = WeatherModels.swift; sourceTree = "<group>"; };
		D35B86F14C194E25996FDB26 /* Webcam.swift */ = {isa = PBXFileReference; lastKnownFileType = sourcecode.swift; path = Webcam.swift; sourceTree = "<group>"; };
		BD86BA9D5E0A4EDE8A0BB290 /* FavoritesStore.swift */ = {isa = PBXFileReference; lastKnownFileType = sourcecode.swift; path = FavoritesStore.swift; sourceTree = "<group>"; };
		02A0E074793F4B80AED51187 /* GeocodingService.swift */ = {isa = PBXFileReference; lastKnownFileType = sourcecode.swift; path = GeocodingService.swift; sourceTree = "<group>"; };
		A940C2DB3ADE433BA7BDCE1B /* Haptics.swift */ = {isa = PBXFileReference; lastKnownFileType = sourcecode.swift; path = Haptics.swift; sourceTree = "<group>"; };
		CE47639A727C4FE2A06CF2F5 /* NotificationManager.swift */ = {isa = PBXFileReference; lastKnownFileType = sourcecode.swift; path = NotificationManager.swift; sourceTree = "<group>"; };
		A8CD0D1D217640D89EDCFE28 /* ResortDataStore.swift */ = {isa = PBXFileReference; lastKnownFileType = sourcecode.swift; path = ResortDataStore.swift; sourceTree = "<group>"; };
		887CF2E46D2A43829C5BA73E /* UnitsSettings.swift */ = {isa = PBXFileReference; lastKnownFileType = sourcecode.swift; path = UnitsSettings.swift; sourceTree = "<group>"; };
		351F09F8218649199BC2C3F3 /* WeatherService.swift */ = {isa = PBXFileReference; lastKnownFileType = sourcecode.swift; path = WeatherService.swift; sourceTree = "<group>"; };
		6CD2BA777F854F6185029050 /* WebcamAPIConfig.swift */ = {isa = PBXFileReference; lastKnownFileType = sourcecode.swift; path = WebcamAPIConfig.swift; sourceTree = "<group>"; };
		7327EB0853344991B04D48BF /* WebcamService.swift */ = {isa = PBXFileReference; lastKnownFileType = sourcecode.swift; path = WebcamService.swift; sourceTree = "<group>"; };
		BB72BFCE929246F4B7790E90 /* YouTubeAPIConfig.swift */ = {isa = PBXFileReference; lastKnownFileType = sourcecode.swift; path = YouTubeAPIConfig.swift; sourceTree = "<group>"; };
		DF0F6663BAB2468F9508A38D /* YouTubeService.swift */ = {isa = PBXFileReference; lastKnownFileType = sourcecode.swift; path = YouTubeService.swift; sourceTree = "<group>"; };
		ED1E00DFA1DB4892B0EE5FAA /* CurrentConditionsView.swift */ = {isa = PBXFileReference; lastKnownFileType = sourcecode.swift; path = CurrentConditionsView.swift; sourceTree = "<group>"; };
		65E508B01FE44BD8A18BA546 /* DayDetailView.swift */ = {isa = PBXFileReference; lastKnownFileType = sourcecode.swift; path = DayDetailView.swift; sourceTree = "<group>"; };
		D33BF41E017B490A8FEDEAED /* ForecastRowView.swift */ = {isa = PBXFileReference; lastKnownFileType = sourcecode.swift; path = ForecastRowView.swift; sourceTree = "<group>"; };
		23FE98608D9D4C4AAA34311A /* ResortDetailView.swift */ = {isa = PBXFileReference; lastKnownFileType = sourcecode.swift; path = ResortDetailView.swift; sourceTree = "<group>"; };
		EBCA60B8002D44E29DBEA6A1 /* ResortPickerList.swift */ = {isa = PBXFileReference; lastKnownFileType = sourcecode.swift; path = ResortPickerList.swift; sourceTree = "<group>"; };
		8DF2DF5E3F1D4AF9B010DD84 /* ResortRowView.swift */ = {isa = PBXFileReference; lastKnownFileType = sourcecode.swift; path = ResortRowView.swift; sourceTree = "<group>"; };
		7F3604197CBF433F9A0E3AE2 /* SeasonStatusBadge.swift */ = {isa = PBXFileReference; lastKnownFileType = sourcecode.swift; path = SeasonStatusBadge.swift; sourceTree = "<group>"; };
		76C64CBDCB50423EB4CD77FC /* SnowfallOverlay.swift */ = {isa = PBXFileReference; lastKnownFileType = sourcecode.swift; path = SnowfallOverlay.swift; sourceTree = "<group>"; };
		60499181D73241659EB950AA /* WebView.swift */ = {isa = PBXFileReference; lastKnownFileType = sourcecode.swift; path = WebView.swift; sourceTree = "<group>"; };
		D33AACD7130F49769700ACC8 /* WebcamCardView.swift */ = {isa = PBXFileReference; lastKnownFileType = sourcecode.swift; path = WebcamCardView.swift; sourceTree = "<group>"; };
		1173660AA9204393B1C1424A /* WebcamDetailView.swift */ = {isa = PBXFileReference; lastKnownFileType = sourcecode.swift; path = WebcamDetailView.swift; sourceTree = "<group>"; };
		421EE66E7129430B9C50F617 /* WebcamGridView.swift */ = {isa = PBXFileReference; lastKnownFileType = sourcecode.swift; path = WebcamGridView.swift; sourceTree = "<group>"; };
		EBC27FB190B44144838921FA /* resorts.json */ = {isa = PBXFileReference; lastKnownFileType = text.json; path = resorts.json; sourceTree = "<group>"; };
		279DDD5DB7D74782AE567736 /* Assets.xcassets */ = {isa = PBXFileReference; lastKnownFileType = folder.assetcatalog; path = Assets.xcassets; sourceTree = "<group>"; };
		6394A654270441AD97D8A4DF /* SnowTracker.app */ = {isa = PBXFileReference; explicitFileType = wrapper.application; includeInIndex = 0; path = SnowTracker.app; sourceTree = BUILT_PRODUCTS_DIR; };
/* End PBXFileReference section */

/* Begin PBXFrameworksBuildPhase section */
		FAC5FD15DB03405288178F48 /* Frameworks */ = {
			isa = PBXFrameworksBuildPhase;
			buildActionMask = 2147483647;
			files = (
			);
			runOnlyForDeploymentPostprocessing = 0;
		};
/* End PBXFrameworksBuildPhase section */

/* Begin PBXGroup section */
		2A7950A8D2DE43ED84511F82 /* Models */ = {
			isa = PBXGroup;
			children = (
				C67C806AFE964578B0764A0E /* Resort.swift */,
				8BAF6282AC344C109177892C /* WeatherModels.swift */,
				D35B86F14C194E25996FDB26 /* Webcam.swift */,
			);
			path = Models;
			sourceTree = "<group>";
		};
		E384BFBACD174C8F8B81A69D /* Services */ = {
			isa = PBXGroup;
			children = (
				BD86BA9D5E0A4EDE8A0BB290 /* FavoritesStore.swift */,
				02A0E074793F4B80AED51187 /* GeocodingService.swift */,
				A940C2DB3ADE433BA7BDCE1B /* Haptics.swift */,
				CE47639A727C4FE2A06CF2F5 /* NotificationManager.swift */,
				A8CD0D1D217640D89EDCFE28 /* ResortDataStore.swift */,
				887CF2E46D2A43829C5BA73E /* UnitsSettings.swift */,
				351F09F8218649199BC2C3F3 /* WeatherService.swift */,
				6CD2BA777F854F6185029050 /* WebcamAPIConfig.swift */,
				7327EB0853344991B04D48BF /* WebcamService.swift */,
				BB72BFCE929246F4B7790E90 /* YouTubeAPIConfig.swift */,
				DF0F6663BAB2468F9508A38D /* YouTubeService.swift */,
			);
			path = Services;
			sourceTree = "<group>";
		};
		B1557DD8EEF144B1965D7109 /* Views */ = {
			isa = PBXGroup;
			children = (
				ED1E00DFA1DB4892B0EE5FAA /* CurrentConditionsView.swift */,
				65E508B01FE44BD8A18BA546 /* DayDetailView.swift */,
				D33BF41E017B490A8FEDEAED /* ForecastRowView.swift */,
				23FE98608D9D4C4AAA34311A /* ResortDetailView.swift */,
				EBCA60B8002D44E29DBEA6A1 /* ResortPickerList.swift */,
				8DF2DF5E3F1D4AF9B010DD84 /* ResortRowView.swift */,
				7F3604197CBF433F9A0E3AE2 /* SeasonStatusBadge.swift */,
				76C64CBDCB50423EB4CD77FC /* SnowfallOverlay.swift */,
				60499181D73241659EB950AA /* WebView.swift */,
				D33AACD7130F49769700ACC8 /* WebcamCardView.swift */,
				1173660AA9204393B1C1424A /* WebcamDetailView.swift */,
				421EE66E7129430B9C50F617 /* WebcamGridView.swift */,
			);
			path = Views;
			sourceTree = "<group>";
		};
		818B2B1119BE4FA09753D454 /* Resources */ = {
			isa = PBXGroup;
			children = (
				EBC27FB190B44144838921FA /* resorts.json */,
			);
			path = Resources;
			sourceTree = "<group>";
		};
		17E8C257538944888F24B918 /* SnowTracker */ = {
			isa = PBXGroup;
			children = (
				63233CDA4E6E49D28D78D315 /* SnowTrackerApp.swift */,
				15D3DD1474D444B880886084 /* ContentView.swift */,
				2A7950A8D2DE43ED84511F82 /* Models */,
				E384BFBACD174C8F8B81A69D /* Services */,
				B1557DD8EEF144B1965D7109 /* Views */,
				818B2B1119BE4FA09753D454 /* Resources */,
				279DDD5DB7D74782AE567736 /* Assets.xcassets */,
			);
			path = SnowTracker;
			sourceTree = "<group>";
		};
		5085B18B46C84654877E77B9 /* Products */ = {
			isa = PBXGroup;
			children = (
				6394A654270441AD97D8A4DF /* SnowTracker.app */,
			);
			name = Products;
			sourceTree = "<group>";
		};
		5DF7C860EB4744CC935D64D0 = {
			isa = PBXGroup;
			children = (
				17E8C257538944888F24B918 /* SnowTracker */,
				5085B18B46C84654877E77B9 /* Products */,
			);
			sourceTree = "<group>";
		};
/* End PBXGroup section */

/* Begin PBXNativeTarget section */
		F6EFD51D21D8467C887BF4A4 /* SnowTracker */ = {
			isa = PBXNativeTarget;
			buildConfigurationList = BFA739A98D934FE4BCE5071A /* Build configuration list for PBXNativeTarget "SnowTracker" */;
			buildPhases = (
				4A26373F1F884AEAB719DB75 /* Sources */,
				FAC5FD15DB03405288178F48 /* Frameworks */,
				73FF2F0F504E4E5D8B166B36 /* Resources */,
			);
			buildRules = (
			);
			dependencies = (
			);
			name = SnowTracker;
			productName = SnowTracker;
			productReference = 6394A654270441AD97D8A4DF /* SnowTracker.app */;
			productType = "com.apple.product-type.application";
		};
/* End PBXNativeTarget section */

/* Begin PBXProject section */
		C8AD8DFE15704E5A80334B51 /* Project object */ = {
			isa = PBXProject;
			attributes = {
				BuildIndependentTargetsInParallel = 1;
				LastSwiftUpdateCheck = 1500;
				LastUpgradeCheck = 1500;
				TargetAttributes = {
					F6EFD51D21D8467C887BF4A4 = {
						CreatedOnToolsVersion = 15.0;
					};
				};
			};
			buildConfigurationList = 26632AE671444277AAC9CB25 /* Build configuration list for PBXProject "SnowTracker" */;
			compatibilityVersion = "Xcode 14.0";
			developmentRegion = en;
			hasScannedForEncodings = 0;
			knownRegions = (
				en,
				Base,
			);
			mainGroup = 5DF7C860EB4744CC935D64D0;
			productRefGroup = 5085B18B46C84654877E77B9 /* Products */;
			projectDirPath = "";
			projectRoot = "";
			targets = (
				F6EFD51D21D8467C887BF4A4 /* SnowTracker */,
			);
		};
/* End PBXProject section */

/* Begin PBXResourcesBuildPhase section */
		73FF2F0F504E4E5D8B166B36 /* Resources */ = {
			isa = PBXResourcesBuildPhase;
			buildActionMask = 2147483647;
			files = (
				4DE5A0A5298643A4ABD63CB6 /* resorts.json in Resources */,
				ED6609D0AEA748DA9A9603AF /* Assets.xcassets in Resources */,
			);
			runOnlyForDeploymentPostprocessing = 0;
		};
/* End PBXResourcesBuildPhase section */

/* Begin PBXSourcesBuildPhase section */
		4A26373F1F884AEAB719DB75 /* Sources */ = {
			isa = PBXSourcesBuildPhase;
			buildActionMask = 2147483647;
			files = (
				3EEABD02EA3140ACB3A4479D /* SnowTrackerApp.swift in Sources */,
				D80D23FF93C64D83AA381D42 /* ContentView.swift in Sources */,
				72EE75E6485644DD80FE0F68 /* Resort.swift in Sources */,
				397ED3B91EF24DE7AF165028 /* WeatherModels.swift in Sources */,
				2B2BC9FBC138428BAAFFD9AC /* Webcam.swift in Sources */,
				988CACA914844479AF9845C6 /* FavoritesStore.swift in Sources */,
				9445B73BE8724D498AF7607D /* GeocodingService.swift in Sources */,
				E637DC8943D449F1A145FEFD /* Haptics.swift in Sources */,
				41C8FDB4E8AE4D899FBD5E13 /* NotificationManager.swift in Sources */,
				1592B0EFD7E143D496232D89 /* ResortDataStore.swift in Sources */,
				39A48836CBDA4167BE9B6321 /* UnitsSettings.swift in Sources */,
				F8837337E16A4FC9ABA9C5E0 /* WeatherService.swift in Sources */,
				0ACE956DA05C4C3EB69D0FEB /* WebcamAPIConfig.swift in Sources */,
				A5E83F8AC5F541438138316E /* WebcamService.swift in Sources */,
				40D3218FC9344144AD0C1C9A /* YouTubeAPIConfig.swift in Sources */,
				2F37004C538249C99F74EFF6 /* YouTubeService.swift in Sources */,
				5AE6AD0EEAF74C829BEB75A1 /* CurrentConditionsView.swift in Sources */,
				8303EBDF36104FF4AB643BCC /* DayDetailView.swift in Sources */,
				F6F6F6C102F7429D91DC218C /* ForecastRowView.swift in Sources */,
				C20BD6F6CB7A4923A75E76E6 /* ResortDetailView.swift in Sources */,
				6AFAD02B48C04C72BCB1A271 /* ResortPickerList.swift in Sources */,
				FD5802A51D814ACFA603604D /* ResortRowView.swift in Sources */,
				1F35EFA4B60F4F61982ECAC7 /* SeasonStatusBadge.swift in Sources */,
				781F64BBE6574F7FA2E758F0 /* SnowfallOverlay.swift in Sources */,
				636B11D58895465684FAEC5E /* WebView.swift in Sources */,
				A3BC4506FDE14B2E981E3528 /* WebcamCardView.swift in Sources */,
				0872B1474D4A47D8B5822963 /* WebcamDetailView.swift in Sources */,
				CC71284A44B24BED9B0DBC02 /* WebcamGridView.swift in Sources */,
			);
			runOnlyForDeploymentPostprocessing = 0;
		};
/* End PBXSourcesBuildPhase section */

/* Begin XCBuildConfiguration section */
		AB8BC9EF86FA4F5AA2624846 /* Debug */ = {
			isa = XCBuildConfiguration;
			buildSettings = {
			ALWAYS_SEARCH_USER_PATHS = NO;
			ASSETCATALOG_COMPILER_GENERATE_SWIFT_ASSET_SYMBOL_EXTENSIONS = YES;
			CLANG_ANALYZER_NONNULL = YES;
			CLANG_ANALYZER_NUMBER_OBJECT_CONVERSION = YES_AGGRESSIVE;
			CLANG_CXX_LANGUAGE_STANDARD = "gnu++20";
			CLANG_ENABLE_MODULES = YES;
			CLANG_ENABLE_OBJC_ARC = YES;
			CLANG_ENABLE_OBJC_WEAK = YES;
			CLANG_WARN_BLOCK_CAPTURE_AUTORELEASING = YES;
			CLANG_WARN_BOOL_CONVERSION = YES;
			CLANG_WARN_COMMA = YES;
			CLANG_WARN_CONSTANT_CONVERSION = YES;
			CLANG_WARN_DEPRECATED_OBJC_IMPLEMENTATIONS = YES;
			CLANG_WARN_DIRECT_OBJC_ISA_USAGE = YES_ERROR;
			CLANG_WARN_DOCUMENTATION_COMMENTS = YES;
			CLANG_WARN_EMPTY_BODY = YES;
			CLANG_WARN_ENUM_CONVERSION = YES;
			CLANG_WARN_INFINITE_RECURSION = YES;
			CLANG_WARN_INT_CONVERSION = YES;
			CLANG_WARN_NON_LITERAL_NULL_CONVERSION = YES;
			CLANG_WARN_OBJC_IMPLICIT_RETAIN_SELF = YES;
			CLANG_WARN_OBJC_LITERAL_CONVERSION = YES;
			CLANG_WARN_OBJC_ROOT_CLASS = YES_ERROR;
			CLANG_WARN_QUOTED_INCLUDE_IN_FRAMEWORK_HEADER = YES;
			CLANG_WARN_RANGE_LOOP_ANALYSIS = YES;
			CLANG_WARN_STRICT_PROTOTYPES = YES;
			CLANG_WARN_SUSPICIOUS_MOVE = YES;
			CLANG_WARN_UNGUARDED_AVAILABILITY = YES_AGGRESSIVE;
			CLANG_WARN_UNREACHABLE_CODE = YES;
			CLANG_WARN__DUPLICATE_METHOD_MATCH = YES;
			COPY_PHASE_STRIP = NO;
			DEBUG_INFORMATION_FORMAT = dwarf;
			ENABLE_STRICT_OBJC_MSGSEND = YES;
			ENABLE_TESTABILITY = YES;
			ENABLE_USER_SCRIPT_SANDBOXING = YES;
			GCC_C_LANGUAGE_STANDARD = gnu17;
			GCC_DYNAMIC_NO_PIC = NO;
			GCC_NO_COMMON_BLOCKS = YES;
			GCC_OPTIMIZATION_LEVEL = 0;
			GCC_PREPROCESSOR_DEFINITIONS = (
				"DEBUG=1",
				"$(inherited)",
			);
			GCC_WARN_64_TO_32_BIT_CONVERSION = YES;
			GCC_WARN_ABOUT_RETURN_TYPE = YES_ERROR;
			GCC_WARN_UNDECLARED_SELECTOR = YES;
			GCC_WARN_UNINITIALIZED_AUTOS = YES_AGGRESSIVE;
			GCC_WARN_UNUSED_FUNCTION = YES;
			GCC_WARN_UNUSED_VARIABLE = YES;
			IPHONEOS_DEPLOYMENT_TARGET = 16.0;
			MTL_ENABLE_DEBUG_INFO = INCLUDE_SOURCE;
			MTL_FAST_MATH = YES;
			ONLY_ACTIVE_ARCH = YES;
			SDKROOT = iphoneos;
			SWIFT_ACTIVE_COMPILATION_CONDITIONS = "DEBUG $(inherited)";
			SWIFT_OPTIMIZATION_LEVEL = "-Onone";
			};
			name = Debug;
		};
		C0C2AD916E5544CBAC773E98 /* Release */ = {
			isa = XCBuildConfiguration;
			buildSettings = {
			ALWAYS_SEARCH_USER_PATHS = NO;
			ASSETCATALOG_COMPILER_GENERATE_SWIFT_ASSET_SYMBOL_EXTENSIONS = YES;
			CLANG_ANALYZER_NONNULL = YES;
			CLANG_ANALYZER_NUMBER_OBJECT_CONVERSION = YES_AGGRESSIVE;
			CLANG_CXX_LANGUAGE_STANDARD = "gnu++20";
			CLANG_ENABLE_MODULES = YES;
			CLANG_ENABLE_OBJC_ARC = YES;
			CLANG_ENABLE_OBJC_WEAK = YES;
			CLANG_WARN_BLOCK_CAPTURE_AUTORELEASING = YES;
			CLANG_WARN_BOOL_CONVERSION = YES;
			CLANG_WARN_COMMA = YES;
			CLANG_WARN_CONSTANT_CONVERSION = YES;
			CLANG_WARN_DEPRECATED_OBJC_IMPLEMENTATIONS = YES;
			CLANG_WARN_DIRECT_OBJC_ISA_USAGE = YES_ERROR;
			CLANG_WARN_DOCUMENTATION_COMMENTS = YES;
			CLANG_WARN_EMPTY_BODY = YES;
			CLANG_WARN_ENUM_CONVERSION = YES;
			CLANG_WARN_INFINITE_RECURSION = YES;
			CLANG_WARN_INT_CONVERSION = YES;
			CLANG_WARN_NON_LITERAL_NULL_CONVERSION = YES;
			CLANG_WARN_OBJC_IMPLICIT_RETAIN_SELF = YES;
			CLANG_WARN_OBJC_LITERAL_CONVERSION = YES;
			CLANG_WARN_OBJC_ROOT_CLASS = YES_ERROR;
			CLANG_WARN_QUOTED_INCLUDE_IN_FRAMEWORK_HEADER = YES;
			CLANG_WARN_RANGE_LOOP_ANALYSIS = YES;
			CLANG_WARN_STRICT_PROTOTYPES = YES;
			CLANG_WARN_SUSPICIOUS_MOVE = YES;
			CLANG_WARN_UNGUARDED_AVAILABILITY = YES_AGGRESSIVE;
			CLANG_WARN_UNREACHABLE_CODE = YES;
			CLANG_WARN__DUPLICATE_METHOD_MATCH = YES;
			COPY_PHASE_STRIP = NO;
			DEBUG_INFORMATION_FORMAT = "dwarf-with-dsym";
			ENABLE_NS_ASSERTIONS = NO;
			ENABLE_STRICT_OBJC_MSGSEND = YES;
			ENABLE_USER_SCRIPT_SANDBOXING = YES;
			GCC_C_LANGUAGE_STANDARD = gnu17;
			GCC_NO_COMMON_BLOCKS = YES;
			GCC_WARN_64_TO_32_BIT_CONVERSION = YES;
			GCC_WARN_ABOUT_RETURN_TYPE = YES_ERROR;
			GCC_WARN_UNDECLARED_SELECTOR = YES;
			GCC_WARN_UNINITIALIZED_AUTOS = YES_AGGRESSIVE;
			GCC_WARN_UNUSED_FUNCTION = YES;
			GCC_WARN_UNUSED_VARIABLE = YES;
			IPHONEOS_DEPLOYMENT_TARGET = 16.0;
			MTL_ENABLE_DEBUG_INFO = NO;
			MTL_FAST_MATH = YES;
			SDKROOT = iphoneos;
			SWIFT_COMPILATION_MODE = wholemodule;
			VALIDATE_PRODUCT = YES;
			};
			name = Release;
		};
		433B00E043EF45199AB03C35 /* Debug */ = {
			isa = XCBuildConfiguration;
			buildSettings = {
			ASSETCATALOG_COMPILER_APPICON_NAME = AppIcon;
			ASSETCATALOG_COMPILER_GLOBAL_ACCENT_COLOR_NAME = AccentColor;
			CODE_SIGN_STYLE = Automatic;
			CURRENT_PROJECT_VERSION = 1;
			DEVELOPMENT_ASSET_PATHS = "";
			DEVELOPMENT_TEAM = 2S3776TDDX;
			ENABLE_PREVIEWS = YES;
			GENERATE_INFOPLIST_FILE = YES;
			INFOPLIST_KEY_CFBundleDisplayName = SnowTracker;
			INFOPLIST_KEY_LSApplicationCategoryType = "public.app-category.weather";
			INFOPLIST_KEY_UIApplicationSceneManifest_Generation = YES;
			INFOPLIST_KEY_UIApplicationSupportsIndirectInputEvents = YES;
			INFOPLIST_KEY_UILaunchScreen_Generation = YES;
			INFOPLIST_KEY_UISupportedInterfaceOrientations = UIInterfaceOrientationPortrait;
			INFOPLIST_KEY_UISupportedInterfaceOrientations_iPad = "UIInterfaceOrientationPortrait UIInterfaceOrientationPortraitUpsideDown UIInterfaceOrientationLandscapeLeft UIInterfaceOrientationLandscapeRight";
			LD_RUNPATH_SEARCH_PATHS = (
				"$(inherited)",
				"@executable_path/Frameworks",
			);
			MARKETING_VERSION = 1.0;
			PRODUCT_BUNDLE_IDENTIFIER = com.snowtracker.app;
			PRODUCT_NAME = "$(TARGET_NAME)";
			SWIFT_EMIT_LOC_STRINGS = YES;
			SWIFT_VERSION = 5.0;
			TARGETED_DEVICE_FAMILY = "1,2";
			};
			name = Debug;
		};
		1441AC2DB80541038F5967E9 /* Release */ = {
			isa = XCBuildConfiguration;
			buildSettings = {
			ASSETCATALOG_COMPILER_APPICON_NAME = AppIcon;
			ASSETCATALOG_COMPILER_GLOBAL_ACCENT_COLOR_NAME = AccentColor;
			CODE_SIGN_STYLE = Automatic;
			CURRENT_PROJECT_VERSION = 1;
			DEVELOPMENT_ASSET_PATHS = "";
			DEVELOPMENT_TEAM = 2S3776TDDX;
			ENABLE_PREVIEWS = YES;
			GENERATE_INFOPLIST_FILE = YES;
			INFOPLIST_KEY_CFBundleDisplayName = SnowTracker;
			INFOPLIST_KEY_LSApplicationCategoryType = "public.app-category.weather";
			INFOPLIST_KEY_UIApplicationSceneManifest_Generation = YES;
			INFOPLIST_KEY_UIApplicationSupportsIndirectInputEvents = YES;
			INFOPLIST_KEY_UILaunchScreen_Generation = YES;
			INFOPLIST_KEY_UISupportedInterfaceOrientations = UIInterfaceOrientationPortrait;
			INFOPLIST_KEY_UISupportedInterfaceOrientations_iPad = "UIInterfaceOrientationPortrait UIInterfaceOrientationPortraitUpsideDown UIInterfaceOrientationLandscapeLeft UIInterfaceOrientationLandscapeRight";
			LD_RUNPATH_SEARCH_PATHS = (
				"$(inherited)",
				"@executable_path/Frameworks",
			);
			MARKETING_VERSION = 1.0;
			PRODUCT_BUNDLE_IDENTIFIER = com.snowtracker.app;
			PRODUCT_NAME = "$(TARGET_NAME)";
			SWIFT_EMIT_LOC_STRINGS = YES;
			SWIFT_VERSION = 5.0;
			TARGETED_DEVICE_FAMILY = "1,2";
			};
			name = Release;
		};
/* End XCBuildConfiguration section */

/* Begin XCConfigurationList section */
		26632AE671444277AAC9CB25 /* Build configuration list for PBXProject "SnowTracker" */ = {
			isa = XCConfigurationList;
			buildConfigurations = (
				AB8BC9EF86FA4F5AA2624846 /* Debug */,
				C0C2AD916E5544CBAC773E98 /* Release */,
			);
			defaultConfigurationIsVisible = 0;
			defaultConfigurationName = Release;
		};
		BFA739A98D934FE4BCE5071A /* Build configuration list for PBXNativeTarget "SnowTracker" */ = {
			isa = XCConfigurationList;
			buildConfigurations = (
				433B00E043EF45199AB03C35 /* Debug */,
				1441AC2DB80541038F5967E9 /* Release */,
			);
			defaultConfigurationIsVisible = 0;
			defaultConfigurationName = Release;
		};
/* End XCConfigurationList section */

	};
	rootObject = C8AD8DFE15704E5A80334B51 /* Project object */;
}
