// !$*UTF8*$!
{
	archiveVersion = 1;
	classes = {
	};
	objectVersion = 56;
	objects = {

/* Begin PBXBuildFile section */
		9B753C3D14A346D2B140DD1C /* SnowTrackerApp.swift in Sources */ = {isa = PBXBuildFile; fileRef = 7E7B361B85974420ADFB57FA /* SnowTrackerApp.swift */; };
		8963E591E96349F597B140EA /* ContentView.swift in Sources */ = {isa = PBXBuildFile; fileRef = CDCB779DB5BC467CA05C3F1B /* ContentView.swift */; };
		E80085AC88AC4C99ACA8422A /* Resort.swift in Sources */ = {isa = PBXBuildFile; fileRef = 92D2072D7EB24B66A99564D4 /* Resort.swift */; };
		A53B647B9F43418CBA9ED91F /* WeatherModels.swift in Sources */ = {isa = PBXBuildFile; fileRef = C2649C8717014DB6827D2CAD /* WeatherModels.swift */; };
		8EBE30E581BC4100A627AFDF /* Webcam.swift in Sources */ = {isa = PBXBuildFile; fileRef = 2D541889D34C470096FB5830 /* Webcam.swift */; };
		44AE045D6E844C279955669B /* FavoritesStore.swift in Sources */ = {isa = PBXBuildFile; fileRef = EB21DB0DDEBF41DD93627C11 /* FavoritesStore.swift */; };
		E2C5879B53D549798D3DC9EB /* GeocodingService.swift in Sources */ = {isa = PBXBuildFile; fileRef = CC3AAB754C5C4411BD630767 /* GeocodingService.swift */; };
		9B9CBC6564CE45D5A0A201ED /* NotificationManager.swift in Sources */ = {isa = PBXBuildFile; fileRef = 853521F69E5A4A529F95D216 /* NotificationManager.swift */; };
		51529243241F4849AB7365E3 /* ResortDataStore.swift in Sources */ = {isa = PBXBuildFile; fileRef = E5BFB2CE89F7432F9E54D54C /* ResortDataStore.swift */; };
		FA2873EBC22948FA9CE87C26 /* UnitsSettings.swift in Sources */ = {isa = PBXBuildFile; fileRef = 6A13312E16254B43B17E51E1 /* UnitsSettings.swift */; };
		65F70DCB97974A0D89A8055E /* WeatherService.swift in Sources */ = {isa = PBXBuildFile; fileRef = 41C464747E6747DD9353504A /* WeatherService.swift */; };
		910844FB306D448DB9253FB9 /* WebcamAPIConfig.swift in Sources */ = {isa = PBXBuildFile; fileRef = C0238C2096744E12A1B38533 /* WebcamAPIConfig.swift */; };
		C867FE101F4F4B08B437E0E6 /* WebcamService.swift in Sources */ = {isa = PBXBuildFile; fileRef = 9A798540C0314A2A93A76DF3 /* WebcamService.swift */; };
		15A0EE0E56694FFDA3255707 /* CurrentConditionsView.swift in Sources */ = {isa = PBXBuildFile; fileRef = B894B65089AE41CB92A72B6B /* CurrentConditionsView.swift */; };
		A4C63EF3C66A4BADBFDEF627 /* ForecastRowView.swift in Sources */ = {isa = PBXBuildFile; fileRef = DB1D8F644D31453695F7D883 /* ForecastRowView.swift */; };
		2F9DF81B3004447EB500B3F0 /* ResortDetailView.swift in Sources */ = {isa = PBXBuildFile; fileRef = 4A09D7F3713E41C1BE373CCE /* ResortDetailView.swift */; };
		BCD009DFBDAC4DBCA7B01137 /* ResortPickerList.swift in Sources */ = {isa = PBXBuildFile; fileRef = C8B886485E354EB7991C21A5 /* ResortPickerList.swift */; };
		6BE1190CCB214236925C423A /* ResortRowView.swift in Sources */ = {isa = PBXBuildFile; fileRef = 6F86476A1F3A41898FFDD7C2 /* ResortRowView.swift */; };
		54EB7BE8776C4C6286BDF2DB /* WebView.swift in Sources */ = {isa = PBXBuildFile; fileRef = 34FEF41D67ED46799A65EAAF /* WebView.swift */; };
		BDD161F906CD4BE59CEFEC08 /* WebcamCardView.swift in Sources */ = {isa = PBXBuildFile; fileRef = 79E19B4B4F114A4CAE1A0309 /* WebcamCardView.swift */; };
		8E6661EC6A944B8BACA163A3 /* WebcamDetailView.swift in Sources */ = {isa = PBXBuildFile; fileRef = 97BD2381DE2142808698DA14 /* WebcamDetailView.swift */; };
		E6F8FFA2A7994AC7B727A4D8 /* WebcamGridView.swift in Sources */ = {isa = PBXBuildFile; fileRef = FDDA5FCCD01D48C1AA400F0F /* WebcamGridView.swift */; };
		67FD46E3B45D4F3DB2110C2F /* resorts.json in Resources */ = {isa = PBXBuildFile; fileRef = 981ED26B99E640AC845DC241 /* resorts.json */; };
		DE9CC13074E04C35B414F182 /* Assets.xcassets in Resources */ = {isa = PBXBuildFile; fileRef = CDEE8E0E95BA42BFBA90EBB4 /* Assets.xcassets */; };
/* End PBXBuildFile section */

/* Begin PBXFileReference section */
		7E7B361B85974420ADFB57FA /* SnowTrackerApp.swift */ = {isa = PBXFileReference; lastKnownFileType = sourcecode.swift; path = SnowTrackerApp.swift; sourceTree = "<group>"; };
		CDCB779DB5BC467CA05C3F1B /* ContentView.swift */ = {isa = PBXFileReference; lastKnownFileType = sourcecode.swift; path = ContentView.swift; sourceTree = "<group>"; };
		92D2072D7EB24B66A99564D4 /* Resort.swift */ = {isa = PBXFileReference; lastKnownFileType = sourcecode.swift; path = Resort.swift; sourceTree = "<group>"; };
		C2649C8717014DB6827D2CAD /* WeatherModels.swift */ = {isa = PBXFileReference; lastKnownFileType = sourcecode.swift; path = WeatherModels.swift; sourceTree = "<group>"; };
		2D541889D34C470096FB5830 /* Webcam.swift */ = {isa = PBXFileReference; lastKnownFileType = sourcecode.swift; path = Webcam.swift; sourceTree = "<group>"; };
		EB21DB0DDEBF41DD93627C11 /* FavoritesStore.swift */ = {isa = PBXFileReference; lastKnownFileType = sourcecode.swift; path = FavoritesStore.swift; sourceTree = "<group>"; };
		CC3AAB754C5C4411BD630767 /* GeocodingService.swift */ = {isa = PBXFileReference; lastKnownFileType = sourcecode.swift; path = GeocodingService.swift; sourceTree = "<group>"; };
		853521F69E5A4A529F95D216 /* NotificationManager.swift */ = {isa = PBXFileReference; lastKnownFileType = sourcecode.swift; path = NotificationManager.swift; sourceTree = "<group>"; };
		E5BFB2CE89F7432F9E54D54C /* ResortDataStore.swift */ = {isa = PBXFileReference; lastKnownFileType = sourcecode.swift; path = ResortDataStore.swift; sourceTree = "<group>"; };
		6A13312E16254B43B17E51E1 /* UnitsSettings.swift */ = {isa = PBXFileReference; lastKnownFileType = sourcecode.swift; path = UnitsSettings.swift; sourceTree = "<group>"; };
		41C464747E6747DD9353504A /* WeatherService.swift */ = {isa = PBXFileReference; lastKnownFileType = sourcecode.swift; path = WeatherService.swift; sourceTree = "<group>"; };
		C0238C2096744E12A1B38533 /* WebcamAPIConfig.swift */ = {isa = PBXFileReference; lastKnownFileType = sourcecode.swift; path = WebcamAPIConfig.swift; sourceTree = "<group>"; };
		9A798540C0314A2A93A76DF3 /* WebcamService.swift */ = {isa = PBXFileReference; lastKnownFileType = sourcecode.swift; path = WebcamService.swift; sourceTree = "<group>"; };
		B894B65089AE41CB92A72B6B /* CurrentConditionsView.swift */ = {isa = PBXFileReference; lastKnownFileType = sourcecode.swift; path = CurrentConditionsView.swift; sourceTree = "<group>"; };
		DB1D8F644D31453695F7D883 /* ForecastRowView.swift */ = {isa = PBXFileReference; lastKnownFileType = sourcecode.swift; path = ForecastRowView.swift; sourceTree = "<group>"; };
		4A09D7F3713E41C1BE373CCE /* ResortDetailView.swift */ = {isa = PBXFileReference; lastKnownFileType = sourcecode.swift; path = ResortDetailView.swift; sourceTree = "<group>"; };
		C8B886485E354EB7991C21A5 /* ResortPickerList.swift */ = {isa = PBXFileReference; lastKnownFileType = sourcecode.swift; path = ResortPickerList.swift; sourceTree = "<group>"; };
		6F86476A1F3A41898FFDD7C2 /* ResortRowView.swift */ = {isa = PBXFileReference; lastKnownFileType = sourcecode.swift; path = ResortRowView.swift; sourceTree = "<group>"; };
		34FEF41D67ED46799A65EAAF /* WebView.swift */ = {isa = PBXFileReference; lastKnownFileType = sourcecode.swift; path = WebView.swift; sourceTree = "<group>"; };
		79E19B4B4F114A4CAE1A0309 /* WebcamCardView.swift */ = {isa = PBXFileReference; lastKnownFileType = sourcecode.swift; path = WebcamCardView.swift; sourceTree = "<group>"; };
		97BD2381DE2142808698DA14 /* WebcamDetailView.swift */ = {isa = PBXFileReference; lastKnownFileType = sourcecode.swift; path = WebcamDetailView.swift; sourceTree = "<group>"; };
		FDDA5FCCD01D48C1AA400F0F /* WebcamGridView.swift */ = {isa = PBXFileReference; lastKnownFileType = sourcecode.swift; path = WebcamGridView.swift; sourceTree = "<group>"; };
		981ED26B99E640AC845DC241 /* resorts.json */ = {isa = PBXFileReference; lastKnownFileType = text.json; path = resorts.json; sourceTree = "<group>"; };
		CDEE8E0E95BA42BFBA90EBB4 /* Assets.xcassets */ = {isa = PBXFileReference; lastKnownFileType = folder.assetcatalog; path = Assets.xcassets; sourceTree = "<group>"; };
		8DFD6F32DA9D410CB474598A /* SnowTracker.app */ = {isa = PBXFileReference; explicitFileType = wrapper.application; includeInIndex = 0; path = SnowTracker.app; sourceTree = BUILT_PRODUCTS_DIR; };
/* End PBXFileReference section */

/* Begin PBXFrameworksBuildPhase section */
		E8CC09127F374FA8871CB14D /* Frameworks */ = {
			isa = PBXFrameworksBuildPhase;
			buildActionMask = 2147483647;
			files = (
			);
			runOnlyForDeploymentPostprocessing = 0;
		};
/* End PBXFrameworksBuildPhase section */

/* Begin PBXGroup section */
		9BC63D1E44B34AFAA980D17A /* Models */ = {
			isa = PBXGroup;
			children = (
				92D2072D7EB24B66A99564D4 /* Resort.swift */,
				C2649C8717014DB6827D2CAD /* WeatherModels.swift */,
				2D541889D34C470096FB5830 /* Webcam.swift */,
			);
			path = Models;
			sourceTree = "<group>";
		};
		3E29BC1959324705A17A33CE /* Services */ = {
			isa = PBXGroup;
			children = (
				EB21DB0DDEBF41DD93627C11 /* FavoritesStore.swift */,
				CC3AAB754C5C4411BD630767 /* GeocodingService.swift */,
				853521F69E5A4A529F95D216 /* NotificationManager.swift */,
				E5BFB2CE89F7432F9E54D54C /* ResortDataStore.swift */,
				6A13312E16254B43B17E51E1 /* UnitsSettings.swift */,
				41C464747E6747DD9353504A /* WeatherService.swift */,
				C0238C2096744E12A1B38533 /* WebcamAPIConfig.swift */,
				9A798540C0314A2A93A76DF3 /* WebcamService.swift */,
			);
			path = Services;
			sourceTree = "<group>";
		};
		FBAD475533FE4D47B240994F /* Views */ = {
			isa = PBXGroup;
			children = (
				B894B65089AE41CB92A72B6B /* CurrentConditionsView.swift */,
				DB1D8F644D31453695F7D883 /* ForecastRowView.swift */,
				4A09D7F3713E41C1BE373CCE /* ResortDetailView.swift */,
				C8B886485E354EB7991C21A5 /* ResortPickerList.swift */,
				6F86476A1F3A41898FFDD7C2 /* ResortRowView.swift */,
				34FEF41D67ED46799A65EAAF /* WebView.swift */,
				79E19B4B4F114A4CAE1A0309 /* WebcamCardView.swift */,
				97BD2381DE2142808698DA14 /* WebcamDetailView.swift */,
				FDDA5FCCD01D48C1AA400F0F /* WebcamGridView.swift */,
			);
			path = Views;
			sourceTree = "<group>";
		};
		312C9C25C72D4FC581EF72F0 /* Resources */ = {
			isa = PBXGroup;
			children = (
				981ED26B99E640AC845DC241 /* resorts.json */,
			);
			path = Resources;
			sourceTree = "<group>";
		};
		67100797154F4E2092ACBE30 /* SnowTracker */ = {
			isa = PBXGroup;
			children = (
				7E7B361B85974420ADFB57FA /* SnowTrackerApp.swift */,
				CDCB779DB5BC467CA05C3F1B /* ContentView.swift */,
				9BC63D1E44B34AFAA980D17A /* Models */,
				3E29BC1959324705A17A33CE /* Services */,
				FBAD475533FE4D47B240994F /* Views */,
				312C9C25C72D4FC581EF72F0 /* Resources */,
				CDEE8E0E95BA42BFBA90EBB4 /* Assets.xcassets */,
			);
			path = SnowTracker;
			sourceTree = "<group>";
		};
		7DF0D07FE2DE467EB4808B01 /* Products */ = {
			isa = PBXGroup;
			children = (
				8DFD6F32DA9D410CB474598A /* SnowTracker.app */,
			);
			name = Products;
			sourceTree = "<group>";
		};
		8E8F98307925436C8D7163D8 = {
			isa = PBXGroup;
			children = (
				67100797154F4E2092ACBE30 /* SnowTracker */,
				7DF0D07FE2DE467EB4808B01 /* Products */,
			);
			sourceTree = "<group>";
		};
/* End PBXGroup section */

/* Begin PBXNativeTarget section */
		F6EFD51D21D8467C887BF4A4 /* SnowTracker */ = {
			isa = PBXNativeTarget;
			buildConfigurationList = 3DBC663E1BD6463D99CA3BFF /* Build configuration list for PBXNativeTarget "SnowTracker" */;
			buildPhases = (
				C15045ED07494A319DEEA989 /* Sources */,
				E8CC09127F374FA8871CB14D /* Frameworks */,
				B355DECBFC414A689E43C3D9 /* Resources */,
			);
			buildRules = (
			);
			dependencies = (
			);
			name = SnowTracker;
			productName = SnowTracker;
			productReference = 8DFD6F32DA9D410CB474598A /* SnowTracker.app */;
			productType = "com.apple.product-type.application";
		};
/* End PBXNativeTarget section */

/* Begin PBXProject section */
		1476EC8FE7D846A1A5F17E8B /* Project object */ = {
			isa = PBXProject;
			attributes = {
				BuildIndependentTargetsInParallel = 1;
				LastSwiftUpdateCheck = 1500;
				LastUpgradeCheck = 1500;
				TargetAttributes = {
					F6EFD51D21D8467C887BF4A4 = {
						CreatedOnToolsVersion = 15.0;
					};
				};
			};
			buildConfigurationList = 5FEFDBF075BF43FFBEE125BB /* Build configuration list for PBXProject "SnowTracker" */;
			compatibilityVersion = "Xcode 14.0";
			developmentRegion = en;
			hasScannedForEncodings = 0;
			knownRegions = (
				en,
				Base,
			);
			mainGroup = 8E8F98307925436C8D7163D8;
			productRefGroup = 7DF0D07FE2DE467EB4808B01 /* Products */;
			projectDirPath = "";
			projectRoot = "";
			targets = (
				F6EFD51D21D8467C887BF4A4 /* SnowTracker */,
			);
		};
/* End PBXProject section */

/* Begin PBXResourcesBuildPhase section */
		B355DECBFC414A689E43C3D9 /* Resources */ = {
			isa = PBXResourcesBuildPhase;
			buildActionMask = 2147483647;
			files = (
				67FD46E3B45D4F3DB2110C2F /* resorts.json in Resources */,
				DE9CC13074E04C35B414F182 /* Assets.xcassets in Resources */,
			);
			runOnlyForDeploymentPostprocessing = 0;
		};
/* End PBXResourcesBuildPhase section */

/* Begin PBXSourcesBuildPhase section */
		C15045ED07494A319DEEA989 /* Sources */ = {
			isa = PBXSourcesBuildPhase;
			buildActionMask = 2147483647;
			files = (
				9B753C3D14A346D2B140DD1C /* SnowTrackerApp.swift in Sources */,
				8963E591E96349F597B140EA /* ContentView.swift in Sources */,
				E80085AC88AC4C99ACA8422A /* Resort.swift in Sources */,
				A53B647B9F43418CBA9ED91F /* WeatherModels.swift in Sources */,
				8EBE30E581BC4100A627AFDF /* Webcam.swift in Sources */,
				44AE045D6E844C279955669B /* FavoritesStore.swift in Sources */,
				E2C5879B53D549798D3DC9EB /* GeocodingService.swift in Sources */,
				9B9CBC6564CE45D5A0A201ED /* NotificationManager.swift in Sources */,
				51529243241F4849AB7365E3 /* ResortDataStore.swift in Sources */,
				FA2873EBC22948FA9CE87C26 /* UnitsSettings.swift in Sources */,
				65F70DCB97974A0D89A8055E /* WeatherService.swift in Sources */,
				910844FB306D448DB9253FB9 /* WebcamAPIConfig.swift in Sources */,
				C867FE101F4F4B08B437E0E6 /* WebcamService.swift in Sources */,
				15A0EE0E56694FFDA3255707 /* CurrentConditionsView.swift in Sources */,
				A4C63EF3C66A4BADBFDEF627 /* ForecastRowView.swift in Sources */,
				2F9DF81B3004447EB500B3F0 /* ResortDetailView.swift in Sources */,
				BCD009DFBDAC4DBCA7B01137 /* ResortPickerList.swift in Sources */,
				6BE1190CCB214236925C423A /* ResortRowView.swift in Sources */,
				54EB7BE8776C4C6286BDF2DB /* WebView.swift in Sources */,
				BDD161F906CD4BE59CEFEC08 /* WebcamCardView.swift in Sources */,
				8E6661EC6A944B8BACA163A3 /* WebcamDetailView.swift in Sources */,
				E6F8FFA2A7994AC7B727A4D8 /* WebcamGridView.swift in Sources */,
			);
			runOnlyForDeploymentPostprocessing = 0;
		};
/* End PBXSourcesBuildPhase section */

/* Begin XCBuildConfiguration section */
		0FE69BCA4D294D17887CAAC9 /* Debug */ = {
			isa = XCBuildConfiguration;
			buildSettings = {
			ALWAYS_SEARCH_USER_PATHS = NO;
			ASSETCATALOG_COMPILER_GENERATE_SWIFT_ASSET_SYMBOL_EXTENSIONS = YES;
			CLANG_ANALYZER_NONNULL = YES;
			CLANG_ANALYZER_NUMBER_OBJECT_CONVERSION = YES_AGGRESSIVE;
			CLANG_CXX_LANGUAGE_STANDARD = "gnu++20";
			CLANG_ENABLE_MODULES = YES;
			CLANG_ENABLE_OBJC_ARC = YES;
			CLANG_ENABLE_OBJC_WEAK = YES;
			CLANG_WARN_BLOCK_CAPTURE_AUTORELEASING = YES;
			CLANG_WARN_BOOL_CONVERSION = YES;
			CLANG_WARN_COMMA = YES;
			CLANG_WARN_CONSTANT_CONVERSION = YES;
			CLANG_WARN_DEPRECATED_OBJC_IMPLEMENTATIONS = YES;
			CLANG_WARN_DIRECT_OBJC_ISA_USAGE = YES_ERROR;
			CLANG_WARN_DOCUMENTATION_COMMENTS = YES;
			CLANG_WARN_EMPTY_BODY = YES;
			CLANG_WARN_ENUM_CONVERSION = YES;
			CLANG_WARN_INFINITE_RECURSION = YES;
			CLANG_WARN_INT_CONVERSION = YES;
			CLANG_WARN_NON_LITERAL_NULL_CONVERSION = YES;
			CLANG_WARN_OBJC_IMPLICIT_RETAIN_SELF = YES;
			CLANG_WARN_OBJC_LITERAL_CONVERSION = YES;
			CLANG_WARN_OBJC_ROOT_CLASS = YES_ERROR;
			CLANG_WARN_QUOTED_INCLUDE_IN_FRAMEWORK_HEADER = YES;
			CLANG_WARN_RANGE_LOOP_ANALYSIS = YES;
			CLANG_WARN_STRICT_PROTOTYPES = YES;
			CLANG_WARN_SUSPICIOUS_MOVE = YES;
			CLANG_WARN_UNGUARDED_AVAILABILITY = YES_AGGRESSIVE;
			CLANG_WARN_UNREACHABLE_CODE = YES;
			CLANG_WARN__DUPLICATE_METHOD_MATCH = YES;
			COPY_PHASE_STRIP = NO;
			DEBUG_INFORMATION_FORMAT = dwarf;
			ENABLE_STRICT_OBJC_MSGSEND = YES;
			ENABLE_TESTABILITY = YES;
			ENABLE_USER_SCRIPT_SANDBOXING = YES;
			GCC_C_LANGUAGE_STANDARD = gnu17;
			GCC_DYNAMIC_NO_PIC = NO;
			GCC_NO_COMMON_BLOCKS = YES;
			GCC_OPTIMIZATION_LEVEL = 0;
			GCC_PREPROCESSOR_DEFINITIONS = (
				"DEBUG=1",
				"$(inherited)",
			);
			GCC_WARN_64_TO_32_BIT_CONVERSION = YES;
			GCC_WARN_ABOUT_RETURN_TYPE = YES_ERROR;
			GCC_WARN_UNDECLARED_SELECTOR = YES;
			GCC_WARN_UNINITIALIZED_AUTOS = YES_AGGRESSIVE;
			GCC_WARN_UNUSED_FUNCTION = YES;
			GCC_WARN_UNUSED_VARIABLE = YES;
			IPHONEOS_DEPLOYMENT_TARGET = 16.0;
			MTL_ENABLE_DEBUG_INFO = INCLUDE_SOURCE;
			MTL_FAST_MATH = YES;
			ONLY_ACTIVE_ARCH = YES;
			SDKROOT = iphoneos;
			SWIFT_ACTIVE_COMPILATION_CONDITIONS = "DEBUG $(inherited)";
			SWIFT_OPTIMIZATION_LEVEL = "-Onone";
			};
			name = Debug;
		};
		41531F3DC1394C608FF40EDF /* Release */ = {
			isa = XCBuildConfiguration;
			buildSettings = {
			ALWAYS_SEARCH_USER_PATHS = NO;
			ASSETCATALOG_COMPILER_GENERATE_SWIFT_ASSET_SYMBOL_EXTENSIONS = YES;
			CLANG_ANALYZER_NONNULL = YES;
			CLANG_ANALYZER_NUMBER_OBJECT_CONVERSION = YES_AGGRESSIVE;
			CLANG_CXX_LANGUAGE_STANDARD = "gnu++20";
			CLANG_ENABLE_MODULES = YES;
			CLANG_ENABLE_OBJC_ARC = YES;
			CLANG_ENABLE_OBJC_WEAK = YES;
			CLANG_WARN_BLOCK_CAPTURE_AUTORELEASING = YES;
			CLANG_WARN_BOOL_CONVERSION = YES;
			CLANG_WARN_COMMA = YES;
			CLANG_WARN_CONSTANT_CONVERSION = YES;
			CLANG_WARN_DEPRECATED_OBJC_IMPLEMENTATIONS = YES;
			CLANG_WARN_DIRECT_OBJC_ISA_USAGE = YES_ERROR;
			CLANG_WARN_DOCUMENTATION_COMMENTS = YES;
			CLANG_WARN_EMPTY_BODY = YES;
			CLANG_WARN_ENUM_CONVERSION = YES;
			CLANG_WARN_INFINITE_RECURSION = YES;
			CLANG_WARN_INT_CONVERSION = YES;
			CLANG_WARN_NON_LITERAL_NULL_CONVERSION = YES;
			CLANG_WARN_OBJC_IMPLICIT_RETAIN_SELF = YES;
			CLANG_WARN_OBJC_LITERAL_CONVERSION = YES;
			CLANG_WARN_OBJC_ROOT_CLASS = YES_ERROR;
			CLANG_WARN_QUOTED_INCLUDE_IN_FRAMEWORK_HEADER = YES;
			CLANG_WARN_RANGE_LOOP_ANALYSIS = YES;
			CLANG_WARN_STRICT_PROTOTYPES = YES;
			CLANG_WARN_SUSPICIOUS_MOVE = YES;
			CLANG_WARN_UNGUARDED_AVAILABILITY = YES_AGGRESSIVE;
			CLANG_WARN_UNREACHABLE_CODE = YES;
			CLANG_WARN__DUPLICATE_METHOD_MATCH = YES;
			COPY_PHASE_STRIP = NO;
			DEBUG_INFORMATION_FORMAT = "dwarf-with-dsym";
			ENABLE_NS_ASSERTIONS = NO;
			ENABLE_STRICT_OBJC_MSGSEND = YES;
			ENABLE_USER_SCRIPT_SANDBOXING = YES;
			GCC_C_LANGUAGE_STANDARD = gnu17;
			GCC_NO_COMMON_BLOCKS = YES;
			GCC_WARN_64_TO_32_BIT_CONVERSION = YES;
			GCC_WARN_ABOUT_RETURN_TYPE = YES_ERROR;
			GCC_WARN_UNDECLARED_SELECTOR = YES;
			GCC_WARN_UNINITIALIZED_AUTOS = YES_AGGRESSIVE;
			GCC_WARN_UNUSED_FUNCTION = YES;
			GCC_WARN_UNUSED_VARIABLE = YES;
			IPHONEOS_DEPLOYMENT_TARGET = 16.0;
			MTL_ENABLE_DEBUG_INFO = NO;
			MTL_FAST_MATH = YES;
			SDKROOT = iphoneos;
			SWIFT_COMPILATION_MODE = wholemodule;
			VALIDATE_PRODUCT = YES;
			};
			name = Release;
		};
		9E79A8E9EF544734B1D5DA53 /* Debug */ = {
			isa = XCBuildConfiguration;
			buildSettings = {
			ASSETCATALOG_COMPILER_APPICON_NAME = AppIcon;
			ASSETCATALOG_COMPILER_GLOBAL_ACCENT_COLOR_NAME = AccentColor;
			CODE_SIGN_STYLE = Automatic;
			CURRENT_PROJECT_VERSION = 1;
			DEVELOPMENT_ASSET_PATHS = "";
			ENABLE_PREVIEWS = YES;
			GENERATE_INFOPLIST_FILE = YES;
			INFOPLIST_KEY_CFBundleDisplayName = SnowTracker;
			INFOPLIST_KEY_LSApplicationCategoryType = "public.app-category.weather";
			INFOPLIST_KEY_UIApplicationSceneManifest_Generation = YES;
			INFOPLIST_KEY_UIApplicationSupportsIndirectInputEvents = YES;
			INFOPLIST_KEY_UILaunchScreen_Generation = YES;
			INFOPLIST_KEY_UISupportedInterfaceOrientations = UIInterfaceOrientationPortrait;
			INFOPLIST_KEY_UISupportedInterfaceOrientations_iPad = "UIInterfaceOrientationPortrait UIInterfaceOrientationPortraitUpsideDown UIInterfaceOrientationLandscapeLeft UIInterfaceOrientationLandscapeRight";
			LD_RUNPATH_SEARCH_PATHS = (
				"$(inherited)",
				"@executable_path/Frameworks",
			);
			MARKETING_VERSION = 1.0;
			PRODUCT_BUNDLE_IDENTIFIER = com.snowtracker.app;
			PRODUCT_NAME = "$(TARGET_NAME)";
			SWIFT_EMIT_LOC_STRINGS = YES;
			SWIFT_VERSION = 5.0;
			TARGETED_DEVICE_FAMILY = "1,2";
			};
			name = Debug;
		};
		28CD51B503A14FE48928FEF0 /* Release */ = {
			isa = XCBuildConfiguration;
			buildSettings = {
			ASSETCATALOG_COMPILER_APPICON_NAME = AppIcon;
			ASSETCATALOG_COMPILER_GLOBAL_ACCENT_COLOR_NAME = AccentColor;
			CODE_SIGN_STYLE = Automatic;
			CURRENT_PROJECT_VERSION = 1;
			DEVELOPMENT_ASSET_PATHS = "";
			ENABLE_PREVIEWS = YES;
			GENERATE_INFOPLIST_FILE = YES;
			INFOPLIST_KEY_CFBundleDisplayName = SnowTracker;
			INFOPLIST_KEY_LSApplicationCategoryType = "public.app-category.weather";
			INFOPLIST_KEY_UIApplicationSceneManifest_Generation = YES;
			INFOPLIST_KEY_UIApplicationSupportsIndirectInputEvents = YES;
			INFOPLIST_KEY_UILaunchScreen_Generation = YES;
			INFOPLIST_KEY_UISupportedInterfaceOrientations = UIInterfaceOrientationPortrait;
			INFOPLIST_KEY_UISupportedInterfaceOrientations_iPad = "UIInterfaceOrientationPortrait UIInterfaceOrientationPortraitUpsideDown UIInterfaceOrientationLandscapeLeft UIInterfaceOrientationLandscapeRight";
			LD_RUNPATH_SEARCH_PATHS = (
				"$(inherited)",
				"@executable_path/Frameworks",
			);
			MARKETING_VERSION = 1.0;
			PRODUCT_BUNDLE_IDENTIFIER = com.snowtracker.app;
			PRODUCT_NAME = "$(TARGET_NAME)";
			SWIFT_EMIT_LOC_STRINGS = YES;
			SWIFT_VERSION = 5.0;
			TARGETED_DEVICE_FAMILY = "1,2";
			};
			name = Release;
		};
/* End XCBuildConfiguration section */

/* Begin XCConfigurationList section */
		5FEFDBF075BF43FFBEE125BB /* Build configuration list for PBXProject "SnowTracker" */ = {
			isa = XCConfigurationList;
			buildConfigurations = (
				0FE69BCA4D294D17887CAAC9 /* Debug */,
				41531F3DC1394C608FF40EDF /* Release */,
			);
			defaultConfigurationIsVisible = 0;
			defaultConfigurationName = Release;
		};
		3DBC663E1BD6463D99CA3BFF /* Build configuration list for PBXNativeTarget "SnowTracker" */ = {
			isa = XCConfigurationList;
			buildConfigurations = (
				9E79A8E9EF544734B1D5DA53 /* Debug */,
				28CD51B503A14FE48928FEF0 /* Release */,
			);
			defaultConfigurationIsVisible = 0;
			defaultConfigurationName = Release;
		};
/* End XCConfigurationList section */

	};
	rootObject = 1476EC8FE7D846A1A5F17E8B /* Project object */;
}
